
Microsoft Visual Studio Solution File, Format Version 12.00
# Visual Studio Version 16
VisualStudioVersion = 16.0.29230.47
MinimumVisualStudioVersion = 10.0.40219.1
Project("{9A19103F-16F7-4668-BE54-9A1E7A4F7556}") = "AuthServer", "Microservices\Authorization\AuthServer\AuthServer.csproj", "{BA12F563-69D5-42BB-8236-6D4701A1A399}"
EndProject
Project("{9A19103F-16F7-4668-BE54-9A1E7A4F7556}") = "AuthServerShared", "Microservices\Authorization\AuthServerShared\AuthServerShared.csproj", "{8540AD03-FC31-46A0-B2E8-8E4F35C48A5D}"
EndProject
Project("{9A19103F-16F7-4668-BE54-9A1E7A4F7556}") = "AssetServer", "Microservices\AssetServer\AssetServer.csproj", "{EB2999BC-54FE-4A11-9979-5040A4591EFB}"
EndProject
Project("{2150E333-8FDC-42A3-9474-1A3956D46DE8}") = "Microservices", "Microservices", "{4E8A9D65-DCF2-4F23-8E05-9EFDCBE669B1}"
EndProject
Project("{2150E333-8FDC-42A3-9474-1A3956D46DE8}") = "Assets", "Assets", "{8E1C6D0F-5A74-4184-A716-1B7BDC667667}"
EndProject
Project("{2150E333-8FDC-42A3-9474-1A3956D46DE8}") = "Authorization", "Authorization", "{A706B264-4904-462E-A919-3BD49FF49103}"
EndProject
Project("{9A19103F-16F7-4668-BE54-9A1E7A4F7556}") = "AssetStorage.PathProviding", "Utils\AssetUrlGenerator\AssetStorage.PathProviding.csproj", "{53F48758-9BC5-47B5-9F83-21D0F088D62B}"
EndProject
Project("{9A19103F-16F7-4668-BE54-9A1E7A4F7556}") = "Frever.Video.Api", "Microservices\Video\Frever.Video.Api\Frever.Video.Api.csproj", "{F57C9A58-3C2E-4C3B-9F28-D2994C944602}"
EndProject
Project("{2150E333-8FDC-42A3-9474-1A3956D46DE8}") = "Common", "Common", "{431E0DFD-6107-49A1-A031-138ED6216647}"
EndProject
Project("{9A19103F-16F7-4668-BE54-9A1E7A4F7556}") = "Common.Models", "Common\Common.Models\Common.Models.csproj", "{A1885A0D-302B-4C4C-937C-F3DD9F4A9E51}"
EndProject
Project("{9A19103F-16F7-4668-BE54-9A1E7A4F7556}") = "AssetStorage.PathProviding.Tests", "Utils\AssetUrlGenerator.Tests\AssetStorage.PathProviding.Tests.csproj", "{58745760-060F-4C32-B8E3-FA409235EF49}"
EndProject
Project("{2150E333-8FDC-42A3-9474-1A3956D46DE8}") = "NotificationService", "NotificationService", "{D873BB6C-7471-4151-BE0A-22726C0D4EE2}"
EndProject
Project("{FAE04EC0-301F-11D3-BF4B-00C04F79EFBC}") = "NotificationService", "Microservices\NotificationService\NotificationService\NotificationService.csproj", "{39E79E0C-86D6-42A8-9223-BECBA04C06AC}"
EndProject
Project("{FAE04EC0-301F-11D3-BF4B-00C04F79EFBC}") = "NotificationService.Shared", "Microservices\NotificationService\NotificationService.Shared\NotificationService.Shared.csproj", "{378C48C6-9F9A-4DBD-8C8D-70A29365EAFD}"
EndProject
Project("{FAE04EC0-301F-11D3-BF4B-00C04F79EFBC}") = "NotificationService.Client", "Microservices\NotificationService\NotificationService.Client\NotificationService.Client.csproj", "{43A70350-40C8-4751-B37B-D115D8D5DBA3}"
EndProject
Project("{2150E333-8FDC-42A3-9474-1A3956D46DE8}") = "ImageConverter", "ImageConverter", "{E683965E-0613-4E27-B91C-0269C26DFA74}"
EndProject
Project("{FAE04EC0-301F-11D3-BF4B-00C04F79EFBC}") = "ImageConverter", "Microservices\ImageConverter\ImageConverter\ImageConverter.csproj", "{9A3AC958-914B-4768-9C4F-58372087FA53}"
EndProject
Project("{FAE04EC0-301F-11D3-BF4B-00C04F79EFBC}") = "AssetServer.Shared", "Microservices\Assets\AssetServer.Shared\AssetServer.Shared.csproj", "{1FB44520-1F02-4F2C-8702-6A3B1802AFB0}"
EndProject
Project("{FAE04EC0-301F-11D3-BF4B-00C04F79EFBC}") = "AssetServer.AssetCopyingLambda", "Microservices\Assets\AssetServer.AssetCopyingLambda\AssetServer.AssetCopyingLambda.csproj", "{CA83D668-03F6-4567-AE04-DAE205BBDBD5}"
EndProject
Project("{2150E333-8FDC-42A3-9474-1A3956D46DE8}") = "Lib", "Lib", "{BD723C4C-1503-48A4-9ECE-7ADD4D86B16E}"
EndProject
Project("{2150E333-8FDC-42A3-9474-1A3956D46DE8}") = "Video", "Video", "{63996974-AD63-469D-9E79-613D10C7E2BA}"
EndProject
Project("{FAE04EC0-301F-11D3-BF4B-00C04F79EFBC}") = "Frever.Video.Contract.Messages", "Microservices\Video\Frever.Video.Contract.Messages\Frever.Video.Contract.Messages.csproj", "{9DCDA560-5AD0-436F-BE45-DF0923A08FFE}"
EndProject
Project("{FAE04EC0-301F-11D3-BF4B-00C04F79EFBC}") = "VideoServer.CreateConversionJobLambda", "Microservices\Video\VideoServer.CreateConversionJobLambda\VideoServer.CreateConversionJobLambda.csproj", "{3BE70734-AB09-4670-907E-258CB79F86A0}"
EndProject
Project("{FAE04EC0-301F-11D3-BF4B-00C04F79EFBC}") = "AuthServer.Permissions", "Microservices\Authorization\AuthServer.Permissions\AuthServer.Permissions.csproj", "{C58B5692-A8DB-41D4-89BD-0006065C8E58}"
EndProject
Project("{FAE04EC0-301F-11D3-BF4B-00C04F79EFBC}") = "AuthServer.DataAccess", "Microservices\Authorization\AuthServer.DataAccess\AuthServer.DataAccess.csproj", "{C487EA67-5CAB-45EF-8D28-817EE72ED436}"
EndProject
Project("{2150E333-8FDC-42A3-9474-1A3956D46DE8}") = "Shared", "Shared", "{F4CBF450-3546-4436-AFFD-11B78D0ADC4D}"
EndProject
Project("{FAE04EC0-301F-11D3-BF4B-00C04F79EFBC}") = "Frever.Shared.MainDb", "Shared\Frever.Shared.MainDb\Frever.Shared.MainDb.csproj", "{4F562FE4-006C-49B8-A21A-7FBD46E4E9DA}"
EndProject
Project("{2150E333-8FDC-42A3-9474-1A3956D46DE8}") = "Admin", "Admin", "{0E97CC83-CC17-43DD-8084-A895F7DE5E7D}"
EndProject
Project("{FAE04EC0-301F-11D3-BF4B-00C04F79EFBC}") = "Frever.AdminService.Core", "Microservices\Admin\Frever.AdminService.Core\Frever.AdminService.Core.csproj", "{020A114D-20E4-4EF0-83FC-2CFF79D83445}"
EndProject
Project("{FAE04EC0-301F-11D3-BF4B-00C04F79EFBC}") = "Frever.AdminService.Api", "Microservices\Admin\Frever.AdminService.Api\Frever.AdminService.Api.csproj", "{CF907839-1D28-470C-BFCA-9A15BAD8C7AE}"
EndProject
Project("{2150E333-8FDC-42A3-9474-1A3956D46DE8}") = "Client", "Client", "{5D3F8125-5846-4CEF-92D1-28D6257409CF}"
EndProject
Project("{FAE04EC0-301F-11D3-BF4B-00C04F79EFBC}") = "Frever.ClientService.Api", "Microservices\Client\Frever.ClientService.Api\Frever.ClientService.Api.csproj", "{12722A80-E86A-4A3E-8D3D-971230905549}"
EndProject
Project("{FAE04EC0-301F-11D3-BF4B-00C04F79EFBC}") = "Frever.Cache", "Shared\Frever.Cache\Frever.Cache.csproj", "{4EE224DA-41D3-4457-860C-630CD7EF0A33}"
EndProject
Project("{FAE04EC0-301F-11D3-BF4B-00C04F79EFBC}") = "Frever.ClientService.Contract", "Microservices\Client\Frever.ClientService.Contract\Frever.ClientService.Contract.csproj", "{62BF55F2-4A58-47C7-BB02-CB295D42BFA2}"
EndProject
Project("{FAE04EC0-301F-11D3-BF4B-00C04F79EFBC}") = "Frever.Video.Contract", "Microservices\Video\Frever.Video.Contract\Frever.Video.Contract.csproj", "{20D2B0C4-B50B-4C4E-98BC-3102CD5AD984}"
EndProject
Project("{FAE04EC0-301F-11D3-BF4B-00C04F79EFBC}") = "Frever.Shared.AssetStore", "Shared\Frever.Shared.AssetStore\Frever.Shared.AssetStore.csproj", "{A42B41D1-7B3D-4A26-BAE0-CCC9C350A547}"
EndProject
Project("{FAE04EC0-301F-11D3-BF4B-00C04F79EFBC}") = "ACRCloudSdkCore", "Lib\ACRCloudSdkCore\ACRCloudSdkCore.csproj", "{90834183-97C8-4CE3-88A2-3AEA4F86486D}"
EndProject
Project("{FAE04EC0-301F-11D3-BF4B-00C04F79EFBC}") = "AuthServer.TokenGeneration", "Microservices\Authorization\AuthServer.TokenGeneration\AuthServer.TokenGeneration.csproj", "{EE20A077-A864-4378-868E-DA40A71E6BD0}"
EndProject
Project("{FAE04EC0-301F-11D3-BF4B-00C04F79EFBC}") = "Frever.Client.Shared", "Microservices\Client\Frever.Client.Shared\Frever.Client.Shared.csproj", "{46A24880-7358-4C7C-AE3F-CFE0E6D332F7}"
EndProject
Project("{FAE04EC0-301F-11D3-BF4B-00C04F79EFBC}") = "Frever.Impersonate", "Microservices\Admin\Frever.Impersonate\Frever.Impersonate.csproj", "{2759DE1F-DF2D-4193-90C8-BCC7829C2CA8}"
EndProject
Project("{FAE04EC0-301F-11D3-BF4B-00C04F79EFBC}") = "Frever.Video.Shared", "Microservices\Video\Frever.Video.Shared\Frever.Video.Shared.csproj", "{C19DB205-AC73-48F1-9703-F01131822648}"
EndProject
Project("{FAE04EC0-301F-11D3-BF4B-00C04F79EFBC}") = "Frever.Protobuf", "Shared\Frever.Protobuf\Frever.Protobuf.csproj", "{AA15C818-3903-45AA-AE21-59DF0E4C1473}"
EndProject
Project("{2150E333-8FDC-42A3-9474-1A3956D46DE8}") = "Jobs", "Jobs", "{E517E2D0-809C-4EFE-86B6-DD1E76D870B0}"
EndProject
Project("{FAE04EC0-301F-11D3-BF4B-00C04F79EFBC}") = "Ixia.Job.LoadExternalSongsFromBlokur", "Jobs\Ixia.Job.LoadExternalSongsFromBlokur\Ixia.Job.LoadExternalSongsFromBlokur.csproj", "{5E034676-6612-4B3A-8882-7901B8DC2E78}"
EndProject
Project("{FAE04EC0-301F-11D3-BF4B-00C04F79EFBC}") = "Ixia.Job.RefreshSpotifyPopularity", "Jobs\Ixia.Job.RefreshSpotifyPopularity\Ixia.Job.RefreshSpotifyPopularity.csproj", "{8A105197-430A-499E-88E4-3E6863D234AA}"
EndProject
Project("{FAE04EC0-301F-11D3-BF4B-00C04F79EFBC}") = "Frever.Video.Core.Test", "Microservices\Video\Frever.Video.Core.Test\Frever.Video.Core.Test.csproj", "{792E6435-11D1-4C5C-9D76-0AAA03321CD9}"
EndProject
Project("{FAE04EC0-301F-11D3-BF4B-00C04F79EFBC}") = "Frever.Auth.Core.Test", "Microservices\Authorization\Frever.Auth.Core.Test\Frever.Auth.Core.Test.csproj", "{3D9ECB5F-C228-4E9D-95EC-80BE4DBF46FA}"
EndProject
Project("{FAE04EC0-301F-11D3-BF4B-00C04F79EFBC}") = "Frever.Common.Testing", "Common\Frever.Common.Testing\Frever.Common.Testing.csproj", "{6A93E0E6-D61D-47D8-946E-9C6174479263}"
EndProject
Project("{FAE04EC0-301F-11D3-BF4B-00C04F79EFBC}") = "Frever.Client.Core.Test", "Microservices\Client\Frever.Client.Core.Test\Frever.Client.Core.Test.csproj", "{2AC23A4C-C258-47DA-9BBD-CE7B8BF0114C}"
EndProject
Project("{FAE04EC0-301F-11D3-BF4B-00C04F79EFBC}") = "Frever.Video.Core.Features.PersonalFeed", "Microservices\Video\Frever.Video.Core.Features.PersonalFeed\Frever.Video.Core.Features.PersonalFeed.csproj", "{AE736CFD-15FB-4CA5-B040-AE355780C1FE}"
EndProject
Project("{FAE04EC0-301F-11D3-BF4B-00C04F79EFBC}") = "Frever.Common.IntegrationTesting", "Shared\Frever.Common.IntegrationTesting\Frever.Common.IntegrationTesting.csproj", "{B42F632B-EB4D-4AC6-898F-9DC82AD63FED}"
EndProject
Project("{FAE04EC0-301F-11D3-BF4B-00C04F79EFBC}") = "Frever.Video.Core.IntegrationTest", "Microservices\Video\Frever.Video.Core.IntegrationTest\Frever.Video.Core.IntegrationTest.csproj", "{02A46C9A-44F9-4C66-AD5E-2EB4EDB69EB6}"
EndProject
Project("{FAE04EC0-301F-11D3-BF4B-00C04F79EFBC}") = "Frever.Video.Core", "Microservices\Video\Frever.Video.Core\Frever.Video.Core.csproj", "{9FA5987A-C901-40A7-9E91-820798B62106}"
EndProject
Project("{FAE04EC0-301F-11D3-BF4B-00C04F79EFBC}") = "Frever.Client.Core.IntegrationTest", "Microservices\Client\Frever.Client.Core.IntegrationTest\Frever.Client.Core.IntegrationTest.csproj", "{DF6D0C17-3E17-44C6-8693-7683210C56FF}"
EndProject
Project("{FAE04EC0-301F-11D3-BF4B-00C04F79EFBC}") = "Frever.Client.Core", "Microservices\Client\Frever.Client.Core\Frever.Client.Core.csproj", "{A9DDAAB0-2459-4532-BC83-ACC6F24F5A4F}"
EndProject
Project("{FAE04EC0-301F-11D3-BF4B-00C04F79EFBC}") = "Frever.Client.Shared.Test", "Microservices\Client\Frever.Client.Shared.Test\Frever.Client.Shared.Test.csproj", "{A1FBBDA9-5152-47A4-BDDE-EEB08C45EC8A}"
EndProject
Project("{FAE04EC0-301F-11D3-BF4B-00C04F79EFBC}") = "Common.Infrastructure", "Common\Common.Infrastructure\Common.Infrastructure.csproj", "{4D9D0BA1-726B-4C52-B25E-D054F07EFA31}"
EndProject
Project("{FAE04EC0-301F-11D3-BF4B-00C04F79EFBC}") = "Ixia.Job.RefillTokens", "Jobs\Ixia.Job.RefillTokens\Ixia.Job.RefillTokens.csproj", "{720656B4-8250-4A20-ADC8-406620B1347E}"
EndProject
Global
	GlobalSection(SolutionConfigurationPlatforms) = preSolution
		Debug|Any CPU = Debug|Any CPU
		DebugValidationGen|Any CPU = DebugValidationGen|Any CPU
		Release|Any CPU = Release|Any CPU
	EndGlobalSection
	GlobalSection(ProjectConfigurationPlatforms) = postSolution
		{BA12F563-69D5-42BB-8236-6D4701A1A399}.Debug|Any CPU.ActiveCfg = Debug|Any CPU
		{BA12F563-69D5-42BB-8236-6D4701A1A399}.Debug|Any CPU.Build.0 = Debug|Any CPU
		{BA12F563-69D5-42BB-8236-6D4701A1A399}.DebugValidationGen|Any CPU.ActiveCfg = DebugValidationGen|Any CPU
		{BA12F563-69D5-42BB-8236-6D4701A1A399}.Release|Any CPU.ActiveCfg = Release|Any CPU
		{BA12F563-69D5-42BB-8236-6D4701A1A399}.Release|Any CPU.Build.0 = Release|Any CPU
		{8540AD03-FC31-46A0-B2E8-8E4F35C48A5D}.Debug|Any CPU.ActiveCfg = Debug|Any CPU
		{8540AD03-FC31-46A0-B2E8-8E4F35C48A5D}.Debug|Any CPU.Build.0 = Debug|Any CPU
		{8540AD03-FC31-46A0-B2E8-8E4F35C48A5D}.DebugValidationGen|Any CPU.ActiveCfg = DebugValidationGen|Any CPU
		{8540AD03-FC31-46A0-B2E8-8E4F35C48A5D}.Release|Any CPU.ActiveCfg = Release|Any CPU
		{8540AD03-FC31-46A0-B2E8-8E4F35C48A5D}.Release|Any CPU.Build.0 = Release|Any CPU
		{EB2999BC-54FE-4A11-9979-5040A4591EFB}.Debug|Any CPU.ActiveCfg = Debug|Any CPU
		{EB2999BC-54FE-4A11-9979-5040A4591EFB}.Debug|Any CPU.Build.0 = Debug|Any CPU
		{EB2999BC-54FE-4A11-9979-5040A4591EFB}.DebugValidationGen|Any CPU.ActiveCfg = DebugValidationGen|Any CPU
		{EB2999BC-54FE-4A11-9979-5040A4591EFB}.Release|Any CPU.ActiveCfg = Release|Any CPU
		{EB2999BC-54FE-4A11-9979-5040A4591EFB}.Release|Any CPU.Build.0 = Release|Any CPU
		{53F48758-9BC5-47B5-9F83-21D0F088D62B}.Debug|Any CPU.ActiveCfg = Debug|Any CPU
		{53F48758-9BC5-47B5-9F83-21D0F088D62B}.Debug|Any CPU.Build.0 = Debug|Any CPU
		{53F48758-9BC5-47B5-9F83-21D0F088D62B}.DebugValidationGen|Any CPU.ActiveCfg = DebugValidationGen|Any CPU
		{53F48758-9BC5-47B5-9F83-21D0F088D62B}.Release|Any CPU.ActiveCfg = Release|Any CPU
		{53F48758-9BC5-47B5-9F83-21D0F088D62B}.Release|Any CPU.Build.0 = Release|Any CPU
		{F57C9A58-3C2E-4C3B-9F28-D2994C944602}.Debug|Any CPU.ActiveCfg = Debug|Any CPU
		{F57C9A58-3C2E-4C3B-9F28-D2994C944602}.Debug|Any CPU.Build.0 = Debug|Any CPU
		{F57C9A58-3C2E-4C3B-9F28-D2994C944602}.DebugValidationGen|Any CPU.ActiveCfg = Debug|Any CPU
		{F57C9A58-3C2E-4C3B-9F28-D2994C944602}.DebugValidationGen|Any CPU.Build.0 = Debug|Any CPU
		{F57C9A58-3C2E-4C3B-9F28-D2994C944602}.Release|Any CPU.ActiveCfg = Release|Any CPU
		{F57C9A58-3C2E-4C3B-9F28-D2994C944602}.Release|Any CPU.Build.0 = Release|Any CPU
		{A1885A0D-302B-4C4C-937C-F3DD9F4A9E51}.Debug|Any CPU.ActiveCfg = Debug|Any CPU
		{A1885A0D-302B-4C4C-937C-F3DD9F4A9E51}.Debug|Any CPU.Build.0 = Debug|Any CPU
		{A1885A0D-302B-4C4C-937C-F3DD9F4A9E51}.DebugValidationGen|Any CPU.ActiveCfg = Debug|Any CPU
		{A1885A0D-302B-4C4C-937C-F3DD9F4A9E51}.DebugValidationGen|Any CPU.Build.0 = Debug|Any CPU
		{A1885A0D-302B-4C4C-937C-F3DD9F4A9E51}.Release|Any CPU.ActiveCfg = Release|Any CPU
		{A1885A0D-302B-4C4C-937C-F3DD9F4A9E51}.Release|Any CPU.Build.0 = Release|Any CPU
		{58745760-060F-4C32-B8E3-FA409235EF49}.Debug|Any CPU.ActiveCfg = Debug|Any CPU
		{58745760-060F-4C32-B8E3-FA409235EF49}.Debug|Any CPU.Build.0 = Debug|Any CPU
		{58745760-060F-4C32-B8E3-FA409235EF49}.DebugValidationGen|Any CPU.ActiveCfg = Debug|Any CPU
		{58745760-060F-4C32-B8E3-FA409235EF49}.DebugValidationGen|Any CPU.Build.0 = Debug|Any CPU
		{58745760-060F-4C32-B8E3-FA409235EF49}.Release|Any CPU.ActiveCfg = Release|Any CPU
		{58745760-060F-4C32-B8E3-FA409235EF49}.Release|Any CPU.Build.0 = Release|Any CPU
		{39E79E0C-86D6-42A8-9223-BECBA04C06AC}.Debug|Any CPU.ActiveCfg = Debug|Any CPU
		{39E79E0C-86D6-42A8-9223-BECBA04C06AC}.Debug|Any CPU.Build.0 = Debug|Any CPU
		{39E79E0C-86D6-42A8-9223-BECBA04C06AC}.DebugValidationGen|Any CPU.ActiveCfg = Debug|Any CPU
		{39E79E0C-86D6-42A8-9223-BECBA04C06AC}.DebugValidationGen|Any CPU.Build.0 = Debug|Any CPU
		{39E79E0C-86D6-42A8-9223-BECBA04C06AC}.Release|Any CPU.ActiveCfg = Release|Any CPU
		{39E79E0C-86D6-42A8-9223-BECBA04C06AC}.Release|Any CPU.Build.0 = Release|Any CPU
		{378C48C6-9F9A-4DBD-8C8D-70A29365EAFD}.Debug|Any CPU.ActiveCfg = Debug|Any CPU
		{378C48C6-9F9A-4DBD-8C8D-70A29365EAFD}.Debug|Any CPU.Build.0 = Debug|Any CPU
		{378C48C6-9F9A-4DBD-8C8D-70A29365EAFD}.DebugValidationGen|Any CPU.ActiveCfg = Debug|Any CPU
		{378C48C6-9F9A-4DBD-8C8D-70A29365EAFD}.DebugValidationGen|Any CPU.Build.0 = Debug|Any CPU
		{378C48C6-9F9A-4DBD-8C8D-70A29365EAFD}.Release|Any CPU.ActiveCfg = Release|Any CPU
		{378C48C6-9F9A-4DBD-8C8D-70A29365EAFD}.Release|Any CPU.Build.0 = Release|Any CPU
		{43A70350-40C8-4751-B37B-D115D8D5DBA3}.Debug|Any CPU.ActiveCfg = Debug|Any CPU
		{43A70350-40C8-4751-B37B-D115D8D5DBA3}.Debug|Any CPU.Build.0 = Debug|Any CPU
		{43A70350-40C8-4751-B37B-D115D8D5DBA3}.DebugValidationGen|Any CPU.ActiveCfg = Debug|Any CPU
		{43A70350-40C8-4751-B37B-D115D8D5DBA3}.DebugValidationGen|Any CPU.Build.0 = Debug|Any CPU
		{43A70350-40C8-4751-B37B-D115D8D5DBA3}.Release|Any CPU.ActiveCfg = Release|Any CPU
		{43A70350-40C8-4751-B37B-D115D8D5DBA3}.Release|Any CPU.Build.0 = Release|Any CPU
		{9A3AC958-914B-4768-9C4F-58372087FA53}.Debug|Any CPU.ActiveCfg = Debug|Any CPU
		{9A3AC958-914B-4768-9C4F-58372087FA53}.Debug|Any CPU.Build.0 = Debug|Any CPU
		{9A3AC958-914B-4768-9C4F-58372087FA53}.DebugValidationGen|Any CPU.ActiveCfg = Debug|Any CPU
		{9A3AC958-914B-4768-9C4F-58372087FA53}.DebugValidationGen|Any CPU.Build.0 = Debug|Any CPU
		{9A3AC958-914B-4768-9C4F-58372087FA53}.Release|Any CPU.ActiveCfg = Release|Any CPU
		{9A3AC958-914B-4768-9C4F-58372087FA53}.Release|Any CPU.Build.0 = Release|Any CPU
		{1FB44520-1F02-4F2C-8702-6A3B1802AFB0}.Debug|Any CPU.ActiveCfg = Debug|Any CPU
		{1FB44520-1F02-4F2C-8702-6A3B1802AFB0}.Debug|Any CPU.Build.0 = Debug|Any CPU
		{1FB44520-1F02-4F2C-8702-6A3B1802AFB0}.DebugValidationGen|Any CPU.ActiveCfg = Debug|Any CPU
		{1FB44520-1F02-4F2C-8702-6A3B1802AFB0}.DebugValidationGen|Any CPU.Build.0 = Debug|Any CPU
		{1FB44520-1F02-4F2C-8702-6A3B1802AFB0}.Release|Any CPU.ActiveCfg = Release|Any CPU
		{1FB44520-1F02-4F2C-8702-6A3B1802AFB0}.Release|Any CPU.Build.0 = Release|Any CPU
		{CA83D668-03F6-4567-AE04-DAE205BBDBD5}.Debug|Any CPU.ActiveCfg = Debug|Any CPU
		{CA83D668-03F6-4567-AE04-DAE205BBDBD5}.Debug|Any CPU.Build.0 = Debug|Any CPU
		{CA83D668-03F6-4567-AE04-DAE205BBDBD5}.DebugValidationGen|Any CPU.ActiveCfg = Debug|Any CPU
		{CA83D668-03F6-4567-AE04-DAE205BBDBD5}.DebugValidationGen|Any CPU.Build.0 = Debug|Any CPU
		{CA83D668-03F6-4567-AE04-DAE205BBDBD5}.Release|Any CPU.ActiveCfg = Release|Any CPU
		{CA83D668-03F6-4567-AE04-DAE205BBDBD5}.Release|Any CPU.Build.0 = Release|Any CPU
		{9DCDA560-5AD0-436F-BE45-DF0923A08FFE}.Debug|Any CPU.ActiveCfg = Debug|Any CPU
		{9DCDA560-5AD0-436F-BE45-DF0923A08FFE}.Debug|Any CPU.Build.0 = Debug|Any CPU
		{9DCDA560-5AD0-436F-BE45-DF0923A08FFE}.DebugValidationGen|Any CPU.ActiveCfg = Debug|Any CPU
		{9DCDA560-5AD0-436F-BE45-DF0923A08FFE}.DebugValidationGen|Any CPU.Build.0 = Debug|Any CPU
		{9DCDA560-5AD0-436F-BE45-DF0923A08FFE}.Release|Any CPU.ActiveCfg = Release|Any CPU
		{9DCDA560-5AD0-436F-BE45-DF0923A08FFE}.Release|Any CPU.Build.0 = Release|Any CPU
		{3BE70734-AB09-4670-907E-258CB79F86A0}.Debug|Any CPU.ActiveCfg = Debug|Any CPU
		{3BE70734-AB09-4670-907E-258CB79F86A0}.Debug|Any CPU.Build.0 = Debug|Any CPU
		{3BE70734-AB09-4670-907E-258CB79F86A0}.DebugValidationGen|Any CPU.ActiveCfg = Debug|Any CPU
		{3BE70734-AB09-4670-907E-258CB79F86A0}.DebugValidationGen|Any CPU.Build.0 = Debug|Any CPU
		{3BE70734-AB09-4670-907E-258CB79F86A0}.Release|Any CPU.ActiveCfg = Release|Any CPU
		{3BE70734-AB09-4670-907E-258CB79F86A0}.Release|Any CPU.Build.0 = Release|Any CPU
		{C58B5692-A8DB-41D4-89BD-0006065C8E58}.Debug|Any CPU.ActiveCfg = Debug|Any CPU
		{C58B5692-A8DB-41D4-89BD-0006065C8E58}.Debug|Any CPU.Build.0 = Debug|Any CPU
		{C58B5692-A8DB-41D4-89BD-0006065C8E58}.DebugValidationGen|Any CPU.ActiveCfg = Debug|Any CPU
		{C58B5692-A8DB-41D4-89BD-0006065C8E58}.DebugValidationGen|Any CPU.Build.0 = Debug|Any CPU
		{C58B5692-A8DB-41D4-89BD-0006065C8E58}.Release|Any CPU.ActiveCfg = Release|Any CPU
		{C58B5692-A8DB-41D4-89BD-0006065C8E58}.Release|Any CPU.Build.0 = Release|Any CPU
		{C487EA67-5CAB-45EF-8D28-817EE72ED436}.Debug|Any CPU.ActiveCfg = Debug|Any CPU
		{C487EA67-5CAB-45EF-8D28-817EE72ED436}.Debug|Any CPU.Build.0 = Debug|Any CPU
		{C487EA67-5CAB-45EF-8D28-817EE72ED436}.DebugValidationGen|Any CPU.ActiveCfg = Debug|Any CPU
		{C487EA67-5CAB-45EF-8D28-817EE72ED436}.DebugValidationGen|Any CPU.Build.0 = Debug|Any CPU
		{C487EA67-5CAB-45EF-8D28-817EE72ED436}.Release|Any CPU.ActiveCfg = Release|Any CPU
		{C487EA67-5CAB-45EF-8D28-817EE72ED436}.Release|Any CPU.Build.0 = Release|Any CPU
		{4F562FE4-006C-49B8-A21A-7FBD46E4E9DA}.Debug|Any CPU.ActiveCfg = Debug|Any CPU
		{4F562FE4-006C-49B8-A21A-7FBD46E4E9DA}.Debug|Any CPU.Build.0 = Debug|Any CPU
		{4F562FE4-006C-49B8-A21A-7FBD46E4E9DA}.DebugValidationGen|Any CPU.ActiveCfg = DebugValidationGen|Any CPU
		{4F562FE4-006C-49B8-A21A-7FBD46E4E9DA}.DebugValidationGen|Any CPU.Build.0 = DebugValidationGen|Any CPU
		{4F562FE4-006C-49B8-A21A-7FBD46E4E9DA}.Release|Any CPU.ActiveCfg = Release|Any CPU
		{4F562FE4-006C-49B8-A21A-7FBD46E4E9DA}.Release|Any CPU.Build.0 = Release|Any CPU
		{020A114D-20E4-4EF0-83FC-2CFF79D83445}.Debug|Any CPU.ActiveCfg = Debug|Any CPU
		{020A114D-20E4-4EF0-83FC-2CFF79D83445}.Debug|Any CPU.Build.0 = Debug|Any CPU
		{020A114D-20E4-4EF0-83FC-2CFF79D83445}.DebugValidationGen|Any CPU.ActiveCfg = DebugValidationGen|Any CPU
		{020A114D-20E4-4EF0-83FC-2CFF79D83445}.DebugValidationGen|Any CPU.Build.0 = DebugValidationGen|Any CPU
		{020A114D-20E4-4EF0-83FC-2CFF79D83445}.Release|Any CPU.ActiveCfg = Release|Any CPU
		{020A114D-20E4-4EF0-83FC-2CFF79D83445}.Release|Any CPU.Build.0 = Release|Any CPU
		{CF907839-1D28-470C-BFCA-9A15BAD8C7AE}.Debug|Any CPU.ActiveCfg = Debug|Any CPU
		{CF907839-1D28-470C-BFCA-9A15BAD8C7AE}.Debug|Any CPU.Build.0 = Debug|Any CPU
		{CF907839-1D28-470C-BFCA-9A15BAD8C7AE}.DebugValidationGen|Any CPU.ActiveCfg = DebugValidationGen|Any CPU
		{CF907839-1D28-470C-BFCA-9A15BAD8C7AE}.DebugValidationGen|Any CPU.Build.0 = DebugValidationGen|Any CPU
		{CF907839-1D28-470C-BFCA-9A15BAD8C7AE}.Release|Any CPU.ActiveCfg = Release|Any CPU
		{CF907839-1D28-470C-BFCA-9A15BAD8C7AE}.Release|Any CPU.Build.0 = Release|Any CPU
		{12722A80-E86A-4A3E-8D3D-971230905549}.Debug|Any CPU.ActiveCfg = Debug|Any CPU
		{12722A80-E86A-4A3E-8D3D-971230905549}.Debug|Any CPU.Build.0 = Debug|Any CPU
		{12722A80-E86A-4A3E-8D3D-971230905549}.Release|Any CPU.ActiveCfg = Release|Any CPU
		{12722A80-E86A-4A3E-8D3D-971230905549}.Release|Any CPU.Build.0 = Release|Any CPU
		{4EE224DA-41D3-4457-860C-630CD7EF0A33}.Debug|Any CPU.ActiveCfg = Debug|Any CPU
		{4EE224DA-41D3-4457-860C-630CD7EF0A33}.Debug|Any CPU.Build.0 = Debug|Any CPU
		{4EE224DA-41D3-4457-860C-630CD7EF0A33}.DebugValidationGen|Any CPU.ActiveCfg = Debug|Any CPU
		{4EE224DA-41D3-4457-860C-630CD7EF0A33}.DebugValidationGen|Any CPU.Build.0 = Debug|Any CPU
		{4EE224DA-41D3-4457-860C-630CD7EF0A33}.Release|Any CPU.ActiveCfg = Release|Any CPU
		{4EE224DA-41D3-4457-860C-630CD7EF0A33}.Release|Any CPU.Build.0 = Release|Any CPU
		{62BF55F2-4A58-47C7-BB02-CB295D42BFA2}.Debug|Any CPU.ActiveCfg = Debug|Any CPU
		{62BF55F2-4A58-47C7-BB02-CB295D42BFA2}.Debug|Any CPU.Build.0 = Debug|Any CPU
		{62BF55F2-4A58-47C7-BB02-CB295D42BFA2}.DebugValidationGen|Any CPU.ActiveCfg = Debug|Any CPU
		{62BF55F2-4A58-47C7-BB02-CB295D42BFA2}.DebugValidationGen|Any CPU.Build.0 = Debug|Any CPU
		{62BF55F2-4A58-47C7-BB02-CB295D42BFA2}.Release|Any CPU.ActiveCfg = Release|Any CPU
		{62BF55F2-4A58-47C7-BB02-CB295D42BFA2}.Release|Any CPU.Build.0 = Release|Any CPU
		{20D2B0C4-B50B-4C4E-98BC-3102CD5AD984}.Debug|Any CPU.ActiveCfg = Debug|Any CPU
		{20D2B0C4-B50B-4C4E-98BC-3102CD5AD984}.Debug|Any CPU.Build.0 = Debug|Any CPU
		{20D2B0C4-B50B-4C4E-98BC-3102CD5AD984}.DebugValidationGen|Any CPU.ActiveCfg = DebugValidationGen|Any CPU
		{20D2B0C4-B50B-4C4E-98BC-3102CD5AD984}.DebugValidationGen|Any CPU.Build.0 = DebugValidationGen|Any CPU
		{20D2B0C4-B50B-4C4E-98BC-3102CD5AD984}.Release|Any CPU.ActiveCfg = Release|Any CPU
		{20D2B0C4-B50B-4C4E-98BC-3102CD5AD984}.Release|Any CPU.Build.0 = Release|Any CPU
		{A42B41D1-7B3D-4A26-BAE0-CCC9C350A547}.Debug|Any CPU.ActiveCfg = Debug|Any CPU
		{A42B41D1-7B3D-4A26-BAE0-CCC9C350A547}.Debug|Any CPU.Build.0 = Debug|Any CPU
		{A42B41D1-7B3D-4A26-BAE0-CCC9C350A547}.DebugValidationGen|Any CPU.ActiveCfg = Debug|Any CPU
		{A42B41D1-7B3D-4A26-BAE0-CCC9C350A547}.DebugValidationGen|Any CPU.Build.0 = Debug|Any CPU
		{A42B41D1-7B3D-4A26-BAE0-CCC9C350A547}.Release|Any CPU.ActiveCfg = Release|Any CPU
		{A42B41D1-7B3D-4A26-BAE0-CCC9C350A547}.Release|Any CPU.Build.0 = Release|Any CPU
		{90834183-97C8-4CE3-88A2-3AEA4F86486D}.Debug|Any CPU.ActiveCfg = Debug|Any CPU
		{90834183-97C8-4CE3-88A2-3AEA4F86486D}.Debug|Any CPU.Build.0 = Debug|Any CPU
		{90834183-97C8-4CE3-88A2-3AEA4F86486D}.DebugValidationGen|Any CPU.ActiveCfg = Debug|Any CPU
		{90834183-97C8-4CE3-88A2-3AEA4F86486D}.DebugValidationGen|Any CPU.Build.0 = Debug|Any CPU
		{90834183-97C8-4CE3-88A2-3AEA4F86486D}.Release|Any CPU.ActiveCfg = Release|Any CPU
		{90834183-97C8-4CE3-88A2-3AEA4F86486D}.Release|Any CPU.Build.0 = Release|Any CPU
		{D0DC9043-5187-4273-8ECA-5A9D05262176}.Debug|Any CPU.ActiveCfg = Debug|Any CPU
		{D0DC9043-5187-4273-8ECA-5A9D05262176}.Debug|Any CPU.Build.0 = Debug|Any CPU
		{D0DC9043-5187-4273-8ECA-5A9D05262176}.DebugValidationGen|Any CPU.ActiveCfg = Debug|Any CPU
		{D0DC9043-5187-4273-8ECA-5A9D05262176}.DebugValidationGen|Any CPU.Build.0 = Debug|Any CPU
		{D0DC9043-5187-4273-8ECA-5A9D05262176}.Release|Any CPU.ActiveCfg = Release|Any CPU
		{D0DC9043-5187-4273-8ECA-5A9D05262176}.Release|Any CPU.Build.0 = Release|Any CPU
		{EE20A077-A864-4378-868E-DA40A71E6BD0}.Debug|Any CPU.ActiveCfg = Debug|Any CPU
		{EE20A077-A864-4378-868E-DA40A71E6BD0}.Debug|Any CPU.Build.0 = Debug|Any CPU
		{EE20A077-A864-4378-868E-DA40A71E6BD0}.DebugValidationGen|Any CPU.ActiveCfg = Debug|Any CPU
		{EE20A077-A864-4378-868E-DA40A71E6BD0}.DebugValidationGen|Any CPU.Build.0 = Debug|Any CPU
		{EE20A077-A864-4378-868E-DA40A71E6BD0}.Release|Any CPU.ActiveCfg = Release|Any CPU
		{EE20A077-A864-4378-868E-DA40A71E6BD0}.Release|Any CPU.Build.0 = Release|Any CPU
		{46A24880-7358-4C7C-AE3F-CFE0E6D332F7}.Debug|Any CPU.ActiveCfg = Debug|Any CPU
		{46A24880-7358-4C7C-AE3F-CFE0E6D332F7}.Debug|Any CPU.Build.0 = Debug|Any CPU
		{46A24880-7358-4C7C-AE3F-CFE0E6D332F7}.DebugValidationGen|Any CPU.ActiveCfg = Debug|Any CPU
		{46A24880-7358-4C7C-AE3F-CFE0E6D332F7}.DebugValidationGen|Any CPU.Build.0 = Debug|Any CPU
		{46A24880-7358-4C7C-AE3F-CFE0E6D332F7}.Release|Any CPU.ActiveCfg = Release|Any CPU
		{46A24880-7358-4C7C-AE3F-CFE0E6D332F7}.Release|Any CPU.Build.0 = Release|Any CPU
		{2759DE1F-DF2D-4193-90C8-BCC7829C2CA8}.Debug|Any CPU.ActiveCfg = Debug|Any CPU
		{2759DE1F-DF2D-4193-90C8-BCC7829C2CA8}.Debug|Any CPU.Build.0 = Debug|Any CPU
		{2759DE1F-DF2D-4193-90C8-BCC7829C2CA8}.DebugValidationGen|Any CPU.ActiveCfg = Debug|Any CPU
		{2759DE1F-DF2D-4193-90C8-BCC7829C2CA8}.DebugValidationGen|Any CPU.Build.0 = Debug|Any CPU
		{2759DE1F-DF2D-4193-90C8-BCC7829C2CA8}.Release|Any CPU.ActiveCfg = Release|Any CPU
		{2759DE1F-DF2D-4193-90C8-BCC7829C2CA8}.Release|Any CPU.Build.0 = Release|Any CPU
		{C19DB205-AC73-48F1-9703-F01131822648}.Debug|Any CPU.ActiveCfg = Debug|Any CPU
		{C19DB205-AC73-48F1-9703-F01131822648}.Debug|Any CPU.Build.0 = Debug|Any CPU
		{C19DB205-AC73-48F1-9703-F01131822648}.DebugValidationGen|Any CPU.ActiveCfg = Debug|Any CPU
		{C19DB205-AC73-48F1-9703-F01131822648}.DebugValidationGen|Any CPU.Build.0 = Debug|Any CPU
		{C19DB205-AC73-48F1-9703-F01131822648}.Release|Any CPU.ActiveCfg = Release|Any CPU
		{C19DB205-AC73-48F1-9703-F01131822648}.Release|Any CPU.Build.0 = Release|Any CPU
		{AA15C818-3903-45AA-AE21-59DF0E4C1473}.Debug|Any CPU.ActiveCfg = Debug|Any CPU
		{AA15C818-3903-45AA-AE21-59DF0E4C1473}.Debug|Any CPU.Build.0 = Debug|Any CPU
		{AA15C818-3903-45AA-AE21-59DF0E4C1473}.DebugValidationGen|Any CPU.ActiveCfg = Debug|Any CPU
		{AA15C818-3903-45AA-AE21-59DF0E4C1473}.DebugValidationGen|Any CPU.Build.0 = Debug|Any CPU
		{AA15C818-3903-45AA-AE21-59DF0E4C1473}.Release|Any CPU.ActiveCfg = Release|Any CPU
		{AA15C818-3903-45AA-AE21-59DF0E4C1473}.Release|Any CPU.Build.0 = Release|Any CPU
		{5E034676-6612-4B3A-8882-7901B8DC2E78}.Debug|Any CPU.ActiveCfg = Debug|Any CPU
		{5E034676-6612-4B3A-8882-7901B8DC2E78}.Debug|Any CPU.Build.0 = Debug|Any CPU
		{5E034676-6612-4B3A-8882-7901B8DC2E78}.DebugValidationGen|Any CPU.ActiveCfg = Debug|Any CPU
		{5E034676-6612-4B3A-8882-7901B8DC2E78}.DebugValidationGen|Any CPU.Build.0 = Debug|Any CPU
		{5E034676-6612-4B3A-8882-7901B8DC2E78}.Release|Any CPU.ActiveCfg = Release|Any CPU
		{5E034676-6612-4B3A-8882-7901B8DC2E78}.Release|Any CPU.Build.0 = Release|Any CPU
		{8A105197-430A-499E-88E4-3E6863D234AA}.Debug|Any CPU.ActiveCfg = Debug|Any CPU
		{8A105197-430A-499E-88E4-3E6863D234AA}.Debug|Any CPU.Build.0 = Debug|Any CPU
		{8A105197-430A-499E-88E4-3E6863D234AA}.DebugValidationGen|Any CPU.ActiveCfg = Debug|Any CPU
		{8A105197-430A-499E-88E4-3E6863D234AA}.DebugValidationGen|Any CPU.Build.0 = Debug|Any CPU
		{8A105197-430A-499E-88E4-3E6863D234AA}.Release|Any CPU.ActiveCfg = Release|Any CPU
		{8A105197-430A-499E-88E4-3E6863D234AA}.Release|Any CPU.Build.0 = Release|Any CPU
		{792E6435-11D1-4C5C-9D76-0AAA03321CD9}.Debug|Any CPU.ActiveCfg = Debug|Any CPU
		{792E6435-11D1-4C5C-9D76-0AAA03321CD9}.Debug|Any CPU.Build.0 = Debug|Any CPU
		{792E6435-11D1-4C5C-9D76-0AAA03321CD9}.DebugValidationGen|Any CPU.ActiveCfg = Debug|Any CPU
		{792E6435-11D1-4C5C-9D76-0AAA03321CD9}.DebugValidationGen|Any CPU.Build.0 = Debug|Any CPU
		{792E6435-11D1-4C5C-9D76-0AAA03321CD9}.Release|Any CPU.ActiveCfg = Release|Any CPU
		{792E6435-11D1-4C5C-9D76-0AAA03321CD9}.Release|Any CPU.Build.0 = Release|Any CPU
		{3D9ECB5F-C228-4E9D-95EC-80BE4DBF46FA}.Debug|Any CPU.ActiveCfg = Debug|Any CPU
		{3D9ECB5F-C228-4E9D-95EC-80BE4DBF46FA}.Debug|Any CPU.Build.0 = Debug|Any CPU
		{3D9ECB5F-C228-4E9D-95EC-80BE4DBF46FA}.DebugValidationGen|Any CPU.ActiveCfg = Debug|Any CPU
		{3D9ECB5F-C228-4E9D-95EC-80BE4DBF46FA}.DebugValidationGen|Any CPU.Build.0 = Debug|Any CPU
		{3D9ECB5F-C228-4E9D-95EC-80BE4DBF46FA}.Release|Any CPU.ActiveCfg = Release|Any CPU
		{3D9ECB5F-C228-4E9D-95EC-80BE4DBF46FA}.Release|Any CPU.Build.0 = Release|Any CPU
		{6A93E0E6-D61D-47D8-946E-9C6174479263}.Debug|Any CPU.ActiveCfg = Debug|Any CPU
		{6A93E0E6-D61D-47D8-946E-9C6174479263}.Debug|Any CPU.Build.0 = Debug|Any CPU
		{6A93E0E6-D61D-47D8-946E-9C6174479263}.DebugValidationGen|Any CPU.ActiveCfg = Debug|Any CPU
		{6A93E0E6-D61D-47D8-946E-9C6174479263}.DebugValidationGen|Any CPU.Build.0 = Debug|Any CPU
		{6A93E0E6-D61D-47D8-946E-9C6174479263}.Release|Any CPU.ActiveCfg = Release|Any CPU
		{6A93E0E6-D61D-47D8-946E-9C6174479263}.Release|Any CPU.Build.0 = Release|Any CPU
		{2AC23A4C-C258-47DA-9BBD-CE7B8BF0114C}.Debug|Any CPU.ActiveCfg = Debug|Any CPU
		{2AC23A4C-C258-47DA-9BBD-CE7B8BF0114C}.Debug|Any CPU.Build.0 = Debug|Any CPU
		{2AC23A4C-C258-47DA-9BBD-CE7B8BF0114C}.DebugValidationGen|Any CPU.ActiveCfg = Debug|Any CPU
		{2AC23A4C-C258-47DA-9BBD-CE7B8BF0114C}.DebugValidationGen|Any CPU.Build.0 = Debug|Any CPU
		{2AC23A4C-C258-47DA-9BBD-CE7B8BF0114C}.Release|Any CPU.ActiveCfg = Release|Any CPU
		{2AC23A4C-C258-47DA-9BBD-CE7B8BF0114C}.Release|Any CPU.Build.0 = Release|Any CPU
		{AE736CFD-15FB-4CA5-B040-AE355780C1FE}.Debug|Any CPU.ActiveCfg = Debug|Any CPU
		{AE736CFD-15FB-4CA5-B040-AE355780C1FE}.Debug|Any CPU.Build.0 = Debug|Any CPU
		{AE736CFD-15FB-4CA5-B040-AE355780C1FE}.DebugValidationGen|Any CPU.ActiveCfg = Debug|Any CPU
		{AE736CFD-15FB-4CA5-B040-AE355780C1FE}.DebugValidationGen|Any CPU.Build.0 = Debug|Any CPU
		{AE736CFD-15FB-4CA5-B040-AE355780C1FE}.Release|Any CPU.ActiveCfg = Release|Any CPU
		{AE736CFD-15FB-4CA5-B040-AE355780C1FE}.Release|Any CPU.Build.0 = Release|Any CPU
		{B42F632B-EB4D-4AC6-898F-9DC82AD63FED}.Debug|Any CPU.ActiveCfg = Debug|Any CPU
		{B42F632B-EB4D-4AC6-898F-9DC82AD63FED}.Debug|Any CPU.Build.0 = Debug|Any CPU
		{B42F632B-EB4D-4AC6-898F-9DC82AD63FED}.DebugValidationGen|Any CPU.ActiveCfg = Debug|Any CPU
		{B42F632B-EB4D-4AC6-898F-9DC82AD63FED}.DebugValidationGen|Any CPU.Build.0 = Debug|Any CPU
		{B42F632B-EB4D-4AC6-898F-9DC82AD63FED}.Release|Any CPU.ActiveCfg = Release|Any CPU
		{B42F632B-EB4D-4AC6-898F-9DC82AD63FED}.Release|Any CPU.Build.0 = Release|Any CPU
		{02A46C9A-44F9-4C66-AD5E-2EB4EDB69EB6}.Debug|Any CPU.ActiveCfg = Debug|Any CPU
		{02A46C9A-44F9-4C66-AD5E-2EB4EDB69EB6}.Debug|Any CPU.Build.0 = Debug|Any CPU
		{02A46C9A-44F9-4C66-AD5E-2EB4EDB69EB6}.DebugValidationGen|Any CPU.ActiveCfg = Debug|Any CPU
		{02A46C9A-44F9-4C66-AD5E-2EB4EDB69EB6}.DebugValidationGen|Any CPU.Build.0 = Debug|Any CPU
		{02A46C9A-44F9-4C66-AD5E-2EB4EDB69EB6}.Release|Any CPU.ActiveCfg = Release|Any CPU
		{02A46C9A-44F9-4C66-AD5E-2EB4EDB69EB6}.Release|Any CPU.Build.0 = Release|Any CPU
		{9FA5987A-C901-40A7-9E91-820798B62106}.Debug|Any CPU.ActiveCfg = Debug|Any CPU
		{9FA5987A-C901-40A7-9E91-820798B62106}.Debug|Any CPU.Build.0 = Debug|Any CPU
		{9FA5987A-C901-40A7-9E91-820798B62106}.DebugValidationGen|Any CPU.ActiveCfg = Debug|Any CPU
		{9FA5987A-C901-40A7-9E91-820798B62106}.DebugValidationGen|Any CPU.Build.0 = Debug|Any CPU
		{9FA5987A-C901-40A7-9E91-820798B62106}.Release|Any CPU.ActiveCfg = Release|Any CPU
		{9FA5987A-C901-40A7-9E91-820798B62106}.Release|Any CPU.Build.0 = Release|Any CPU
		{DF6D0C17-3E17-44C6-8693-7683210C56FF}.Debug|Any CPU.ActiveCfg = Debug|Any CPU
		{DF6D0C17-3E17-44C6-8693-7683210C56FF}.Debug|Any CPU.Build.0 = Debug|Any CPU
		{DF6D0C17-3E17-44C6-8693-7683210C56FF}.DebugValidationGen|Any CPU.ActiveCfg = Debug|Any CPU
		{DF6D0C17-3E17-44C6-8693-7683210C56FF}.DebugValidationGen|Any CPU.Build.0 = Debug|Any CPU
		{DF6D0C17-3E17-44C6-8693-7683210C56FF}.Release|Any CPU.ActiveCfg = Release|Any CPU
		{DF6D0C17-3E17-44C6-8693-7683210C56FF}.Release|Any CPU.Build.0 = Release|Any CPU
		{A9DDAAB0-2459-4532-BC83-ACC6F24F5A4F}.Debug|Any CPU.ActiveCfg = Debug|Any CPU
		{A9DDAAB0-2459-4532-BC83-ACC6F24F5A4F}.Debug|Any CPU.Build.0 = Debug|Any CPU
		{A9DDAAB0-2459-4532-BC83-ACC6F24F5A4F}.DebugValidationGen|Any CPU.ActiveCfg = Debug|Any CPU
		{A9DDAAB0-2459-4532-BC83-ACC6F24F5A4F}.DebugValidationGen|Any CPU.Build.0 = Debug|Any CPU
		{A9DDAAB0-2459-4532-BC83-ACC6F24F5A4F}.Release|Any CPU.ActiveCfg = Release|Any CPU
		{A9DDAAB0-2459-4532-BC83-ACC6F24F5A4F}.Release|Any CPU.Build.0 = Release|Any CPU
		{A1FBBDA9-5152-47A4-BDDE-EEB08C45EC8A}.Debug|Any CPU.ActiveCfg = Debug|Any CPU
		{A1FBBDA9-5152-47A4-BDDE-EEB08C45EC8A}.Debug|Any CPU.Build.0 = Debug|Any CPU
		{A1FBBDA9-5152-47A4-BDDE-EEB08C45EC8A}.DebugValidationGen|Any CPU.ActiveCfg = Debug|Any CPU
		{A1FBBDA9-5152-47A4-BDDE-EEB08C45EC8A}.DebugValidationGen|Any CPU.Build.0 = Debug|Any CPU
		{A1FBBDA9-5152-47A4-BDDE-EEB08C45EC8A}.Release|Any CPU.ActiveCfg = Release|Any CPU
		{A1FBBDA9-5152-47A4-BDDE-EEB08C45EC8A}.Release|Any CPU.Build.0 = Release|Any CPU
		{4D9D0BA1-726B-4C52-B25E-D054F07EFA31}.Debug|Any CPU.ActiveCfg = Debug|Any CPU
		{4D9D0BA1-726B-4C52-B25E-D054F07EFA31}.Debug|Any CPU.Build.0 = Debug|Any CPU
		{4D9D0BA1-726B-4C52-B25E-D054F07EFA31}.DebugValidationGen|Any CPU.ActiveCfg = DebugValidationGen|Any CPU
		{4D9D0BA1-726B-4C52-B25E-D054F07EFA31}.DebugValidationGen|Any CPU.Build.0 = DebugValidationGen|Any CPU
		{4D9D0BA1-726B-4C52-B25E-D054F07EFA31}.Release|Any CPU.ActiveCfg = Release|Any CPU
		{4D9D0BA1-726B-4C52-B25E-D054F07EFA31}.Release|Any CPU.Build.0 = Release|Any CPU
		{720656B4-8250-4A20-ADC8-406620B1347E}.Debug|Any CPU.ActiveCfg = Debug|Any CPU
		{720656B4-8250-4A20-ADC8-406620B1347E}.Debug|Any CPU.Build.0 = Debug|Any CPU
		{720656B4-8250-4A20-ADC8-406620B1347E}.DebugValidationGen|Any CPU.ActiveCfg = Debug|Any CPU
		{720656B4-8250-4A20-ADC8-406620B1347E}.DebugValidationGen|Any CPU.Build.0 = Debug|Any CPU
		{720656B4-8250-4A20-ADC8-406620B1347E}.Release|Any CPU.ActiveCfg = Release|Any CPU
		{720656B4-8250-4A20-ADC8-406620B1347E}.Release|Any CPU.Build.0 = Release|Any CPU
	EndGlobalSection
	GlobalSection(SolutionProperties) = preSolution
		HideSolutionNode = FALSE
	EndGlobalSection
	GlobalSection(NestedProjects) = preSolution
		{BA12F563-69D5-42BB-8236-6D4701A1A399} = {A706B264-4904-462E-A919-3BD49FF49103}
		{EB2999BC-54FE-4A11-9979-5040A4591EFB} = {8E1C6D0F-5A74-4184-A716-1B7BDC667667}
		{8E1C6D0F-5A74-4184-A716-1B7BDC667667} = {4E8A9D65-DCF2-4F23-8E05-9EFDCBE669B1}
		{A706B264-4904-462E-A919-3BD49FF49103} = {4E8A9D65-DCF2-4F23-8E05-9EFDCBE669B1}
		{53F48758-9BC5-47B5-9F83-21D0F088D62B} = {431E0DFD-6107-49A1-A031-138ED6216647}
		{A1885A0D-302B-4C4C-937C-F3DD9F4A9E51} = {431E0DFD-6107-49A1-A031-138ED6216647}
		{58745760-060F-4C32-B8E3-FA409235EF49} = {431E0DFD-6107-49A1-A031-138ED6216647}
		{D873BB6C-7471-4151-BE0A-22726C0D4EE2} = {4E8A9D65-DCF2-4F23-8E05-9EFDCBE669B1}
		{39E79E0C-86D6-42A8-9223-BECBA04C06AC} = {D873BB6C-7471-4151-BE0A-22726C0D4EE2}
		{378C48C6-9F9A-4DBD-8C8D-70A29365EAFD} = {D873BB6C-7471-4151-BE0A-22726C0D4EE2}
		{43A70350-40C8-4751-B37B-D115D8D5DBA3} = {D873BB6C-7471-4151-BE0A-22726C0D4EE2}
		{E683965E-0613-4E27-B91C-0269C26DFA74} = {4E8A9D65-DCF2-4F23-8E05-9EFDCBE669B1}
		{9A3AC958-914B-4768-9C4F-58372087FA53} = {E683965E-0613-4E27-B91C-0269C26DFA74}
		{1FB44520-1F02-4F2C-8702-6A3B1802AFB0} = {8E1C6D0F-5A74-4184-A716-1B7BDC667667}
		{CA83D668-03F6-4567-AE04-DAE205BBDBD5} = {8E1C6D0F-5A74-4184-A716-1B7BDC667667}
		{63996974-AD63-469D-9E79-613D10C7E2BA} = {4E8A9D65-DCF2-4F23-8E05-9EFDCBE669B1}
		{F57C9A58-3C2E-4C3B-9F28-D2994C944602} = {63996974-AD63-469D-9E79-613D10C7E2BA}
		{8540AD03-FC31-46A0-B2E8-8E4F35C48A5D} = {A706B264-4904-462E-A919-3BD49FF49103}
		{9DCDA560-5AD0-436F-BE45-DF0923A08FFE} = {63996974-AD63-469D-9E79-613D10C7E2BA}
		{3BE70734-AB09-4670-907E-258CB79F86A0} = {63996974-AD63-469D-9E79-613D10C7E2BA}
		{C58B5692-A8DB-41D4-89BD-0006065C8E58} = {A706B264-4904-462E-A919-3BD49FF49103}
		{C487EA67-5CAB-45EF-8D28-817EE72ED436} = {A706B264-4904-462E-A919-3BD49FF49103}
		{4F562FE4-006C-49B8-A21A-7FBD46E4E9DA} = {F4CBF450-3546-4436-AFFD-11B78D0ADC4D}
		{0E97CC83-CC17-43DD-8084-A895F7DE5E7D} = {4E8A9D65-DCF2-4F23-8E05-9EFDCBE669B1}
		{020A114D-20E4-4EF0-83FC-2CFF79D83445} = {0E97CC83-CC17-43DD-8084-A895F7DE5E7D}
		{CF907839-1D28-470C-BFCA-9A15BAD8C7AE} = {0E97CC83-CC17-43DD-8084-A895F7DE5E7D}
		{5D3F8125-5846-4CEF-92D1-28D6257409CF} = {4E8A9D65-DCF2-4F23-8E05-9EFDCBE669B1}
		{12722A80-E86A-4A3E-8D3D-971230905549} = {5D3F8125-5846-4CEF-92D1-28D6257409CF}
		{4EE224DA-41D3-4457-860C-630CD7EF0A33} = {F4CBF450-3546-4436-AFFD-11B78D0ADC4D}
		{62BF55F2-4A58-47C7-BB02-CB295D42BFA2} = {5D3F8125-5846-4CEF-92D1-28D6257409CF}
		{20D2B0C4-B50B-4C4E-98BC-3102CD5AD984} = {63996974-AD63-469D-9E79-613D10C7E2BA}
		{A42B41D1-7B3D-4A26-BAE0-CCC9C350A547} = {F4CBF450-3546-4436-AFFD-11B78D0ADC4D}
		{90834183-97C8-4CE3-88A2-3AEA4F86486D} = {BD723C4C-1503-48A4-9ECE-7ADD4D86B16E}
		{EE20A077-A864-4378-868E-DA40A71E6BD0} = {A706B264-4904-462E-A919-3BD49FF49103}
		{46A24880-7358-4C7C-AE3F-CFE0E6D332F7} = {5D3F8125-5846-4CEF-92D1-28D6257409CF}
		{2759DE1F-DF2D-4193-90C8-BCC7829C2CA8} = {0E97CC83-CC17-43DD-8084-A895F7DE5E7D}
		{C19DB205-AC73-48F1-9703-F01131822648} = {63996974-AD63-469D-9E79-613D10C7E2BA}
		{AA15C818-3903-45AA-AE21-59DF0E4C1473} = {F4CBF450-3546-4436-AFFD-11B78D0ADC4D}
		{5E034676-6612-4B3A-8882-7901B8DC2E78} = {E517E2D0-809C-4EFE-86B6-DD1E76D870B0}
		{8A105197-430A-499E-88E4-3E6863D234AA} = {E517E2D0-809C-4EFE-86B6-DD1E76D870B0}
		{792E6435-11D1-4C5C-9D76-0AAA03321CD9} = {63996974-AD63-469D-9E79-613D10C7E2BA}
		{3D9ECB5F-C228-4E9D-95EC-80BE4DBF46FA} = {A706B264-4904-462E-A919-3BD49FF49103}
		{6A93E0E6-D61D-47D8-946E-9C6174479263} = {431E0DFD-6107-49A1-A031-138ED6216647}
		{AE736CFD-15FB-4CA5-B040-AE355780C1FE} = {63996974-AD63-469D-9E79-613D10C7E2BA}
		{2AC23A4C-C258-47DA-9BBD-CE7B8BF0114C} = {5D3F8125-5846-4CEF-92D1-28D6257409CF}
		{B42F632B-EB4D-4AC6-898F-9DC82AD63FED} = {F4CBF450-3546-4436-AFFD-11B78D0ADC4D}
		{02A46C9A-44F9-4C66-AD5E-2EB4EDB69EB6} = {63996974-AD63-469D-9E79-613D10C7E2BA}
		{9FA5987A-C901-40A7-9E91-820798B62106} = {63996974-AD63-469D-9E79-613D10C7E2BA}
		{DF6D0C17-3E17-44C6-8693-7683210C56FF} = {5D3F8125-5846-4CEF-92D1-28D6257409CF}
		{A9DDAAB0-2459-4532-BC83-ACC6F24F5A4F} = {5D3F8125-5846-4CEF-92D1-28D6257409CF}
		{A1FBBDA9-5152-47A4-BDDE-EEB08C45EC8A} = {5D3F8125-5846-4CEF-92D1-28D6257409CF}
		{4D9D0BA1-726B-4C52-B25E-D054F07EFA31} = {431E0DFD-6107-49A1-A031-138ED6216647}
		{720656B4-8250-4A20-ADC8-406620B1347E} = {E517E2D0-809C-4EFE-86B6-DD1E76D870B0}
	EndGlobalSection
	GlobalSection(ExtensibilityGlobals) = postSolution
		SolutionGuid = {1B938403-1D39-4BDC-9656-89746E6FDBE1}
	EndGlobalSection
EndGlobal
