{
  "version": 4,
  "terraform_version": "1.1.5",
  "serial": 58,
  "lineage": "c90ac746-71e4-1629-b2c9-32f70165a906",
  "outputs": {
    "asset_copying_sqs_queue": {
      "value": "xxxxxxxxx",
      "type": "string"
    },
    "cdn_domain": {
      "value": "dev-2.frever-content.com",
      "type": "string"
    },
    "docker_repository_url": {
      "value": "xxxxxxxxx",
      "type": "string"
    },
    "media_converter_queue": {
      "value": "dev-2",
      "type": "string"
    },
    "redis_host": {
      "value": "xxxxxxxxx",
      "type": "string"
    },
    "region": {
      "value": "eu-central-1",
      "type": "string"
    },
    "ssl_certificate_arn": {
      "value": "xxxxxxxxx",
      "type": "string"
    },
    "video_conversion_job_completed_sqs_queue": {
      "value": "xxxxxxxxx",
      "type": "string"
    },
    "video_conversion_job_creation_sqs_queue": {
      "value": "xxxxxxxxx",
      "type": "string"
    }
  },
  "resources": [
    {
      "mode": "data",
      "type": "aws_acm_certificate",
      "name": "issued",
      "provider": "provider[\"registry.terraform.io/hashicorp/aws\"]",
      "instances": [
        {
          "schema_version": 0,
          "attributes": {
            "arn": "xxxxxxxxx",
            "domain": "frever-api.com",
            "id": "xxxxxxxxx",
            "key_types": null,
            "most_recent": false,
            "status": "ISSUED",
            "statuses": null,
            "tags": {},
            "types": null
          },
          "sensitive_attributes": []
        }
      ]
    },
    {
      "mode": "data",
      "type": "aws_cloudfront_cache_policy",
      "name": "default",
      "provider": "provider[\"registry.terraform.io/hashicorp/aws\"]",
      "instances": [
        {
          "schema_version": 0,
          "attributes": {
            "comment": "Default policy when CF compression is enabled",
            "default_ttl": 86400,
            "etag": "E23ZP02F085DFQ",
            "id": "658327ea-f89d-4fab-a63d-7e88639e58f6",
            "max_ttl": 31536000,
            "min_ttl": 1,
            "name": "Managed-CachingOptimized",
            "parameters_in_cache_key_and_forwarded_to_origin": [
              {
                "cookies_config": [
                  {
                    "cookie_behavior": "none",
                    "cookies": []
                  }
                ],
                "enable_accept_encoding_brotli": true,
                "enable_accept_encoding_gzip": true,
                "headers_config": [
                  {
                    "header_behavior": "none",
                    "headers": []
                  }
                ],
                "query_strings_config": [
                  {
                    "query_string_behavior": "none",
                    "query_strings": []
                  }
                ]
              }
            ]
          },
          "sensitive_attributes": []
        }
      ]
    },
    {
      "mode": "data",
      "type": "aws_iam_policy_document",
      "name": "s3_policy",
      "provider": "provider[\"registry.terraform.io/hashicorp/aws\"]",
      "instances": [
        {
          "schema_version": 0,
          "attributes": {
            "id": "165163052",
            "json": "{\n  \"Version\": \"2012-10-17\",\n  \"Statement\": [\n    {\n      \"Sid\": \"\",\n      \"Effect\": \"Allow\",\n      \"Action\": \"s3:GetObject\",\n      \"Resource\": \"arn:aws:s3:::frever-dev-2/*\",\n      \"Principal\": {\n        \"AWS\": \"arn:aws:iam::cloudfront:user/CloudFront Origin Access Identity E1W9FMXEHRZHGE\"\n      }\n    }\n  ]\n}",
            "override_json": null,
            "override_policy_documents": null,
            "policy_id": null,
            "source_json": null,
            "source_policy_documents": null,
            "statement": [
              {
                "actions": ["s3:GetObject"],
                "condition": [],
                "effect": "Allow",
                "not_actions": [],
                "not_principals": [],
                "not_resources": [],
                "principals": [
                  {
                    "identifiers": [
                      "arn:aws:iam::cloudfront:user/CloudFront Origin Access Identity E1W9FMXEHRZHGE"
                    ],
                    "type": "AWS"
                  }
                ],
                "resources": ["arn:aws:s3:::frever-dev-2/*"],
                "sid": ""
              }
            ],
            "version": "2012-10-17"
          },
          "sensitive_attributes": []
        }
      ]
    },
    {
      "mode": "data",
      "type": "aws_route53_zone",
      "name": "frever_content",
      "provider": "provider[\"registry.terraform.io/hashicorp/aws\"]",
      "instances": [
        {
          "schema_version": 0,
          "attributes": {
            "arn": "arn:aws:route53:::hostedzone/Z05062203V4PO7F3D4BRO",
            "caller_reference": "RISWorkflow-RD:74c90b33-7410-4ead-95d5-25b6edbe4315",
            "comment": "HostedZone created by Route53 Registrar",
            "id": "Z05062203V4PO7F3D4BRO",
            "linked_service_description": null,
            "linked_service_principal": null,
            "name": "frever-content.com",
            "name_servers": [
              "ns-818.awsdns-38.net",
              "ns-1815.awsdns-34.co.uk",
              "ns-508.awsdns-63.com",
              "ns-1042.awsdns-02.org"
            ],
            "private_zone": false,
            "resource_record_set_count": 9,
            "tags": {},
            "vpc_id": null,
            "zone_id": "Z05062203V4PO7F3D4BRO"
          },
          "sensitive_attributes": []
        }
      ]
    },
    {
      "mode": "data",
      "type": "aws_s3_bucket",
      "name": "bucket",
      "provider": "provider[\"registry.terraform.io/hashicorp/aws\"]",
      "instances": [
        {
          "schema_version": 0,
          "attributes": {
            "arn": "arn:aws:s3:::frever-dev-2",
            "bucket": "frever-dev-2",
            "bucket_domain_name": "frever-dev-2.s3.amazonaws.com",
            "bucket_regional_domain_name": "frever-dev-2.s3.eu-central-1.amazonaws.com",
            "hosted_zone_id": "Z21DNDUVLTQW6Q",
            "id": "frever-dev-2",
            "region": "eu-central-1",
            "website_domain": null,
            "website_endpoint": null
          },
          "sensitive_attributes": []
        }
      ]
    },
    {
      "mode": "data",
      "type": "aws_s3_bucket",
      "name": "cdn_source_bucket",
      "provider": "provider[\"registry.terraform.io/hashicorp/aws\"]",
      "instances": [
        {
          "schema_version": 0,
          "attributes": {
            "arn": "arn:aws:s3:::frever-dev-2",
            "bucket": "frever-dev-2",
            "bucket_domain_name": "frever-dev-2.s3.amazonaws.com",
            "bucket_regional_domain_name": "frever-dev-2.s3.eu-central-1.amazonaws.com",
            "hosted_zone_id": "Z21DNDUVLTQW6Q",
            "id": "frever-dev-2",
            "region": "eu-central-1",
            "website_domain": null,
            "website_endpoint": null
          },
          "sensitive_attributes": []
        }
      ]
    },
    {
      "mode": "data",
      "type": "aws_vpc",
      "name": "vpc",
      "provider": "provider[\"registry.terraform.io/hashicorp/aws\"]",
      "instances": [
        {
          "schema_version": 0,
          "attributes": {
            "arn": "arn:aws:ec2:eu-central-1:722913253728:vpc/xxxxxxxxx",
            "cidr_block": "10.0.0.0/16",
            "cidr_block_associations": [
              {
                "association_id": "vpc-cidr-assoc-042df3196e710198a",
                "cidr_block": "10.0.0.0/16",
                "state": "associated"
              }
            ],
            "default": false,
            "dhcp_options_id": "dopt-c98389a2",
            "enable_dns_hostnames": true,
            "enable_dns_support": true,
            "filter": [
              {
                "name": "tag:Name",
                "values": ["dev-2"]
              }
            ],
            "id": "xxxxxxxxx",
            "instance_tenancy": "default",
            "ipv6_association_id": "vpc-cidr-assoc-0b10666a0705ad1f1",
            "ipv6_cidr_block": "2a05:d014:a20:5b00::/56",
            "main_route_table_id": "rtb-05064607acdebbe21",
            "owner_id": "722913253728",
            "state": null,
            "tags": {
              "Name": "dev-2",
              "frever-env": "dev-2",
              "kubernetes.io/cluster/dev-2": "shared"
            }
          },
          "sensitive_attributes": []
        }
      ]
    },
    {
      "mode": "managed",
      "type": "aws_cloudwatch_event_rule",
      "name": "video_conversion_completed",
      "provider": "provider[\"registry.terraform.io/hashicorp/aws\"]",
      "instances": [
        {
          "schema_version": 0,
          "attributes": {
            "arn": "arn:aws:events:eu-central-1:722913253728:rule/dev-2-video-converted",
            "description": "Video from queue dev-2 has been converted",
            "event_bus_name": "default",
            "event_pattern": "{\"detail\":{\"queue\":[\"arn:aws:mediaconvert:eu-central-1:722913253728:queues/dev-2\"],\"status\":[\"COMPLETE\"]},\"detail-type\":[\"MediaConvert Job State Change\"],\"source\":[\"aws.mediaconvert\"]}",
            "id": "dev-2-video-converted",
            "is_enabled": true,
            "name": "dev-2-video-converted",
            "name_prefix": "",
            "role_arn": "",
            "schedule_expression": "",
            "tags": {},
            "tags_all": {}
          },
          "sensitive_attributes": [],
          "private": "bnVsbA==",
          "dependencies": ["aws_media_convert_queue.media_converter_queue"]
        }
      ]
    },
    {
      "mode": "managed",
      "type": "aws_cloudwatch_event_target",
      "name": "video_conversion_completed",
      "provider": "provider[\"registry.terraform.io/hashicorp/aws\"]",
      "instances": [
        {
          "schema_version": 1,
          "attributes": {
            "arn": "arn:aws:sqs:eu-central-1:722913253728:dev-2-video-conversion-job-completion",
            "batch_target": [],
            "dead_letter_config": [],
            "ecs_target": [],
            "event_bus_name": "default",
            "http_target": [],
            "id": "dev-2-video-converted-terraform-20220204092327617400000001",
            "input": "",
            "input_path": "",
            "input_transformer": [],
            "kinesis_target": [],
            "redshift_target": [],
            "retry_policy": [],
            "role_arn": "",
            "rule": "dev-2-video-converted",
            "run_command_targets": [],
            "sqs_target": [],
            "target_id": "terraform-20220204092327617400000001"
          },
          "sensitive_attributes": [],
          "private": "eyJzY2hlbWFfdmVyc2lvbiI6IjEifQ==",
          "dependencies": [
            "aws_cloudwatch_event_rule.video_conversion_completed",
            "aws_media_convert_queue.media_converter_queue",
            "aws_sqs_queue.video_conversion_job_completed"
          ]
        }
      ]
    },
    {
      "mode": "managed",
      "type": "aws_ecr_repository",
      "name": "ecr_repository",
      "provider": "provider[\"registry.terraform.io/hashicorp/aws\"]",
      "instances": [
        {
          "schema_version": 0,
          "attributes": {
            "arn": "arn:aws:ecr:eu-central-1:722913253728:repository/dev-2/appservice",
            "encryption_configuration": [
              {
                "encryption_type": "AES256",
                "kms_key": ""
              }
            ],
            "id": "dev-2/appservice",
            "image_scanning_configuration": [
              {
                "scan_on_push": false
              }
            ],
            "image_tag_mutability": "MUTABLE",
            "name": "dev-2/appservice",
            "registry_id": "722913253728",
            "repository_url": "xxxxxxxxx",
            "tags": {},
            "tags_all": {},
            "timeouts": null
          },
          "sensitive_attributes": [],
          "private": "eyJlMmJmYjczMC1lY2FhLTExZTYtOGY4OC0zNDM2M2JjN2M0YzAiOnsiZGVsZXRlIjoxMjAwMDAwMDAwMDAwfX0="
        }
      ]
    },
    {
      "mode": "managed",
      "type": "aws_elasticache_cluster",
      "name": "redis",
      "provider": "provider[\"registry.terraform.io/hashicorp/aws\"]",
      "instances": [
        {
          "schema_version": 0,
          "attributes": {
            "apply_immediately": null,
            "arn": "arn:aws:elasticache:eu-central-1:722913253728:cluster:dev-2-cache",
            "availability_zone": "eu-central-1c",
            "az_mode": "single-az",
            "cache_nodes": [
              {
                "address": "xxxxxxxxx",
                "availability_zone": "eu-central-1c",
                "id": "0001",
                "port": 6379
              }
            ],
            "cluster_address": null,
            "cluster_id": "dev-2-cache",
            "configuration_endpoint": null,
            "engine": "redis",
            "engine_version": "6.x",
            "engine_version_actual": "6.2.5",
            "final_snapshot_identifier": null,
            "id": "dev-2-cache",
            "maintenance_window": "thu:00:30-thu:01:30",
            "node_type": "cache.t2.medium",
            "notification_topic_arn": null,
            "num_cache_nodes": 1,
            "parameter_group_name": "default.redis6.x",
            "port": 6379,
            "preferred_availability_zones": null,
            "replication_group_id": null,
            "security_group_ids": ["sg-08396a1be748a108c"],
            "security_group_names": [],
            "snapshot_arns": null,
            "snapshot_name": null,
            "snapshot_retention_limit": 0,
            "snapshot_window": "04:00-05:00",
            "subnet_group_name": "dev-2",
            "tags": {},
            "tags_all": {}
          },
          "sensitive_attributes": [],
          "private": "bnVsbA==",
          "dependencies": [
            "aws_security_group.redis_security_group",
            "data.aws_vpc.vpc"
          ]
        }
      ]
    },
    {
      "mode": "managed",
      "type": "aws_iam_role",
      "name": "asset-copying-role",
      "provider": "provider[\"registry.terraform.io/hashicorp/aws\"]",
      "instances": [
        {
          "schema_version": 0,
          "attributes": {
            "arn": "arn:aws:iam::722913253728:role/dev-2-asset-copying-role",
            "assume_role_policy": "{\"Version\":\"2012-10-17\",\"Statement\":[{\"Sid\":\"\",\"Effect\":\"Allow\",\"Principal\":{\"Service\":\"lambda.amazonaws.com\"},\"Action\":\"sts:AssumeRole\"}]}",
            "create_date": "2022-02-03T22:08:48Z",
            "description": "",
            "force_detach_policies": false,
            "id": "dev-2-asset-copying-role",
            "inline_policy": [
              {
                "name": "dev-2-asset-copying-role-policy",
                "policy": "{\"Statement\":[{\"Action\":[\"logs:*\",\"s3:*\",\"sqs:*\"],\"Effect\":\"Allow\",\"Resource\":\"*\"}],\"Version\":\"2012-10-17\"}"
              }
            ],
            "managed_policy_arns": [],
            "max_session_duration": 3600,
            "name": "dev-2-asset-copying-role",
            "name_prefix": "",
            "path": "/",
            "permissions_boundary": null,
            "tags": {},
            "tags_all": {},
            "unique_id": "AROA2QUH43FQOJ3OZQVDW"
          },
          "sensitive_attributes": [],
          "private": "bnVsbA=="
        }
      ]
    },
    {
      "mode": "managed",
      "type": "aws_iam_role",
      "name": "media_converter_role",
      "provider": "provider[\"registry.terraform.io/hashicorp/aws\"]",
      "instances": [
        {
          "schema_version": 0,
          "attributes": {
            "arn": "arn:aws:iam::722913253728:role/dev-2-media-converter-role",
            "assume_role_policy": "{\"Version\":\"2012-10-17\",\"Statement\":[{\"Sid\":\"\",\"Effect\":\"Allow\",\"Principal\":{\"Service\":\"lambda.amazonaws.com\"},\"Action\":\"sts:AssumeRole\"}]}",
            "create_date": "2022-02-04T09:58:10Z",
            "description": "",
            "force_detach_policies": false,
            "id": "dev-2-media-converter-role",
            "inline_policy": [
              {
                "name": "dev-2-video-conversion-job-creator-role-policy",
                "policy": "{\"Statement\":[{\"Action\":[\"logs:*\",\"mediaconvert:*\",\"s3:*\",\"sqs:*\"],\"Effect\":\"Allow\",\"Resource\":\"*\"}],\"Version\":\"2012-10-17\"}"
              }
            ],
            "managed_policy_arns": [],
            "max_session_duration": 3600,
            "name": "dev-2-media-converter-role",
            "name_prefix": "",
            "path": "/",
            "permissions_boundary": null,
            "tags": {},
            "tags_all": {},
            "unique_id": "AROA2QUH43FQEHY4S4UEW"
          },
          "sensitive_attributes": [],
          "private": "bnVsbA=="
        }
      ]
    },
    {
      "mode": "managed",
      "type": "aws_iam_role",
      "name": "video_conversion_lambda_exec",
      "provider": "provider[\"registry.terraform.io/hashicorp/aws\"]",
      "instances": [
        {
          "schema_version": 0,
          "attributes": {
            "arn": "arn:aws:iam::722913253728:role/dev-2-video-conversion-job-creator-role",
            "assume_role_policy": "{\"Version\":\"2012-10-17\",\"Statement\":[{\"Sid\":\"\",\"Effect\":\"Allow\",\"Principal\":{\"Service\":\"lambda.amazonaws.com\"},\"Action\":\"sts:AssumeRole\"}]}",
            "create_date": "2022-02-04T08:51:39Z",
            "description": "",
            "force_detach_policies": false,
            "id": "dev-2-video-conversion-job-creator-role",
            "inline_policy": [
              {
                "name": "dev-2-video-conversion-job-creator-role-policy",
                "policy": "{\"Statement\":[{\"Action\":[\"logs:*\",\"mediaconvert:*\",\"s3:*\",\"s3-object-lambda:*\",\"sqs:*\"],\"Effect\":\"Allow\",\"Resource\":\"*\"},{\"Action\":[\"iam:PassRole\"],\"Condition\":{\"StringLike\":{\"iam:PassedToService\":[\"mediaconvert.amazonaws.com\"]}},\"Effect\":\"Allow\",\"Resource\":\"*\"}],\"Version\":\"2012-10-17\"}"
              }
            ],
            "managed_policy_arns": [],
            "max_session_duration": 3600,
            "name": "dev-2-video-conversion-job-creator-role",
            "name_prefix": "",
            "path": "/",
            "permissions_boundary": null,
            "tags": {},
            "tags_all": {},
            "unique_id": "AROA2QUH43FQJT4E4KJX2"
          },
          "sensitive_attributes": [],
          "private": "bnVsbA=="
        }
      ]
    },
    {
      "mode": "managed",
      "type": "aws_lambda_event_source_mapping",
      "name": "asset-copying-event-mapping",
      "provider": "provider[\"registry.terraform.io/hashicorp/aws\"]",
      "instances": [
        {
          "schema_version": 0,
          "attributes": {
            "batch_size": 10,
            "bisect_batch_on_function_error": false,
            "destination_config": [],
            "enabled": true,
            "event_source_arn": "arn:aws:sqs:eu-central-1:722913253728:dev-2-asset-copying",
            "filter_criteria": [],
            "function_arn": "arn:aws:lambda:eu-central-1:722913253728:function:dev-2-asset-copying",
            "function_name": "arn:aws:lambda:eu-central-1:722913253728:function:dev-2-asset-copying",
            "function_response_types": [],
            "id": "7f84dcd7-aea9-4939-a793-2a8f2c3eae02",
            "last_modified": "2022-02-03T22:17:35Z",
            "last_processing_result": "",
            "maximum_batching_window_in_seconds": 0,
            "maximum_record_age_in_seconds": 0,
            "maximum_retry_attempts": 0,
            "parallelization_factor": 0,
            "queues": [],
            "self_managed_event_source": [],
            "source_access_configuration": [],
            "starting_position": "",
            "starting_position_timestamp": "",
            "state": "Enabled",
            "state_transition_reason": "USER_INITIATED",
            "topics": [],
            "tumbling_window_in_seconds": 0,
            "uuid": "7f84dcd7-aea9-4939-a793-2a8f2c3eae02"
          },
          "sensitive_attributes": [],
          "private": "bnVsbA==",
          "dependencies": [
            "aws_iam_role.asset-copying-role",
            "aws_lambda_function.asset-copying-lambda",
            "aws_sqs_queue.asset-copying-queue"
          ]
        }
      ]
    },
    {
      "mode": "managed",
      "type": "aws_lambda_event_source_mapping",
      "name": "video_conversion_event_mapping",
      "provider": "provider[\"registry.terraform.io/hashicorp/aws\"]",
      "instances": [
        {
          "schema_version": 0,
          "attributes": {
            "batch_size": 1,
            "bisect_batch_on_function_error": false,
            "destination_config": [],
            "enabled": true,
            "event_source_arn": "arn:aws:sqs:eu-central-1:722913253728:dev-2-video-conversion-job-creation",
            "filter_criteria": [],
            "function_arn": "arn:aws:lambda:eu-central-1:722913253728:function:dev-2-video-conversion-job-creator",
            "function_name": "arn:aws:lambda:eu-central-1:722913253728:function:dev-2-video-conversion-job-creator",
            "function_response_types": [],
            "id": "567a8e6f-f771-48fe-9629-b5d9a3f2c6a4",
            "last_modified": "2022-02-04T08:55:24Z",
            "last_processing_result": "",
            "maximum_batching_window_in_seconds": 0,
            "maximum_record_age_in_seconds": 0,
            "maximum_retry_attempts": 0,
            "parallelization_factor": 0,
            "queues": [],
            "self_managed_event_source": [],
            "source_access_configuration": [],
            "starting_position": "",
            "starting_position_timestamp": "",
            "state": "Enabled",
            "state_transition_reason": "USER_INITIATED",
            "topics": [],
            "tumbling_window_in_seconds": 0,
            "uuid": "567a8e6f-f771-48fe-9629-b5d9a3f2c6a4"
          },
          "sensitive_attributes": [],
          "private": "bnVsbA==",
          "dependencies": [
            "aws_iam_role.video_conversion_lambda_exec",
            "aws_lambda_function.video_conversion_job_creator",
            "aws_sqs_queue.video_conversion_job_creation"
          ]
        }
      ]
    },
    {
      "mode": "managed",
      "type": "aws_lambda_function",
      "name": "asset-copying-lambda",
      "provider": "provider[\"registry.terraform.io/hashicorp/aws\"]",
      "instances": [
        {
          "schema_version": 0,
          "attributes": {
            "architectures": ["x86_64"],
            "arn": "arn:aws:lambda:eu-central-1:722913253728:function:dev-2-asset-copying",
            "code_signing_config_arn": "",
            "dead_letter_config": [],
            "description": "",
            "environment": [],
            "file_system_config": [],
            "filename": "dummy.zip",
            "function_name": "dev-2-asset-copying",
            "handler": "AssetServer.AssetCopyingLambda::AssetServer.AssetCopyingLambda.Function::Handler",
            "id": "dev-2-asset-copying",
            "image_config": [],
            "image_uri": "",
            "invoke_arn": "arn:aws:apigateway:eu-central-1:lambda:path/2015-03-31/functions/arn:aws:lambda:eu-central-1:722913253728:function:dev-2-asset-copying/invocations",
            "kms_key_arn": "",
            "last_modified": "2022-02-04T15:48:56.000+0000",
            "layers": [],
            "memory_size": 128,
            "package_type": "Zip",
            "publish": false,
            "qualified_arn": "arn:aws:lambda:eu-central-1:722913253728:function:dev-2-asset-copying:$LATEST",
            "reserved_concurrent_executions": 100,
            "role": "arn:aws:iam::722913253728:role/dev-2-asset-copying-role",
            "runtime": "dotnetcore3.1",
            "s3_bucket": null,
            "s3_key": null,
            "s3_object_version": null,
            "signing_job_arn": "",
            "signing_profile_version_arn": "",
            "source_code_hash": "weJyMzMXZDmvVoeBpTSG/9Vg6TA3vOrOQON0ooAFFNw=",
            "source_code_size": 824967,
            "tags": {},
            "tags_all": {},
            "timeout": 3,
            "timeouts": null,
            "tracing_config": [
              {
                "mode": "PassThrough"
              }
            ],
            "version": "$LATEST",
            "vpc_config": []
          },
          "sensitive_attributes": [],
          "private": "eyJlMmJmYjczMC1lY2FhLTExZTYtOGY4OC0zNDM2M2JjN2M0YzAiOnsiY3JlYXRlIjo2MDAwMDAwMDAwMDB9fQ==",
          "dependencies": ["aws_iam_role.asset-copying-role"]
        }
      ]
    },
    {
      "mode": "managed",
      "type": "aws_lambda_function",
      "name": "media_converter",
      "provider": "provider[\"registry.terraform.io/hashicorp/aws\"]",
      "instances": [
        {
          "schema_version": 0,
          "attributes": {
            "architectures": ["x86_64"],
            "arn": "arn:aws:lambda:eu-central-1:722913253728:function:dev-2-media-converter",
            "code_signing_config_arn": "",
            "dead_letter_config": [],
            "description": "",
            "environment": [],
            "file_system_config": [],
            "filename": "dummy.zip",
            "function_name": "dev-2-media-converter",
            "handler": "ImageConverter::ImageConverter.Function::Handler",
            "id": "dev-2-media-converter",
            "image_config": [],
            "image_uri": "",
            "invoke_arn": "arn:aws:apigateway:eu-central-1:lambda:path/2015-03-31/functions/arn:aws:lambda:eu-central-1:722913253728:function:dev-2-media-converter/invocations",
            "kms_key_arn": "",
            "last_modified": "2022-02-04T15:48:44.000+0000",
            "layers": [],
            "memory_size": 128,
            "package_type": "Zip",
            "publish": false,
            "qualified_arn": "arn:aws:lambda:eu-central-1:722913253728:function:dev-2-media-converter:$LATEST",
            "reserved_concurrent_executions": 1,
            "role": "arn:aws:iam::722913253728:role/dev-2-media-converter-role",
            "runtime": "dotnetcore3.1",
            "s3_bucket": null,
            "s3_key": null,
            "s3_object_version": null,
            "signing_job_arn": "",
            "signing_profile_version_arn": "",
            "source_code_hash": "gJ8NaUoY4OOuaY3t+IXeDi74ZEfk1VjNCeHqFw5az2I=",
            "source_code_size": 30952517,
            "tags": {},
            "tags_all": {},
            "timeout": 3,
            "timeouts": null,
            "tracing_config": [
              {
                "mode": "PassThrough"
              }
            ],
            "version": "$LATEST",
            "vpc_config": []
          },
          "sensitive_attributes": [],
          "private": "eyJlMmJmYjczMC1lY2FhLTExZTYtOGY4OC0zNDM2M2JjN2M0YzAiOnsiY3JlYXRlIjo2MDAwMDAwMDAwMDB9fQ==",
          "dependencies": ["aws_iam_role.media_converter_role"]
        }
      ]
    },
    {
      "mode": "managed",
      "type": "aws_lambda_function",
      "name": "video_conversion_job_creator",
      "provider": "provider[\"registry.terraform.io/hashicorp/aws\"]",
      "instances": [
        {
          "schema_version": 0,
          "attributes": {
            "architectures": ["x86_64"],
            "arn": "arn:aws:lambda:eu-central-1:722913253728:function:dev-2-video-conversion-job-creator",
            "code_signing_config_arn": "",
            "dead_letter_config": [],
            "description": "",
            "environment": [],
            "file_system_config": [],
            "filename": "dummy.zip",
            "function_name": "dev-2-video-conversion-job-creator",
            "handler": "VideoServer.CreateConversionJobLambda::VideoServer.CreateConversionJobLambda.Function::Handler",
            "id": "dev-2-video-conversion-job-creator",
            "image_config": [],
            "image_uri": "",
            "invoke_arn": "arn:aws:apigateway:eu-central-1:lambda:path/2015-03-31/functions/arn:aws:lambda:eu-central-1:722913253728:function:dev-2-video-conversion-job-creator/invocations",
            "kms_key_arn": "",
            "last_modified": "2022-02-04T22:51:51.000+0000",
            "layers": [],
            "memory_size": 512,
            "package_type": "Zip",
            "publish": false,
            "qualified_arn": "arn:aws:lambda:eu-central-1:722913253728:function:dev-2-video-conversion-job-creator:$LATEST",
            "reserved_concurrent_executions": 1,
            "role": "arn:aws:iam::722913253728:role/dev-2-video-conversion-job-creator-role",
            "runtime": "dotnetcore3.1",
            "s3_bucket": null,
            "s3_key": null,
            "s3_object_version": null,
            "signing_job_arn": "",
            "signing_profile_version_arn": "",
            "source_code_hash": "ZXaaE7z4zP8hVpMwf87fjgTPFn55xyYfD2Xgy3lYeoA=",
            "source_code_size": 1334221,
            "tags": {},
            "tags_all": {},
            "timeout": 15,
            "timeouts": null,
            "tracing_config": [
              {
                "mode": "PassThrough"
              }
            ],
            "version": "$LATEST",
            "vpc_config": []
          },
          "sensitive_attributes": [],
          "private": "eyJlMmJmYjczMC1lY2FhLTExZTYtOGY4OC0zNDM2M2JjN2M0YzAiOnsiY3JlYXRlIjo2MDAwMDAwMDAwMDB9fQ==",
          "dependencies": ["aws_iam_role.video_conversion_lambda_exec"]
        }
      ]
    },
    {
      "mode": "managed",
      "type": "aws_lambda_permission",
      "name": "allow_bucket",
      "provider": "provider[\"registry.terraform.io/hashicorp/aws\"]",
      "instances": [
        {
          "schema_version": 0,
          "attributes": {
            "action": "lambda:InvokeFunction",
            "event_source_token": null,
            "function_name": "arn:aws:lambda:eu-central-1:722913253728:function:dev-2-media-converter",
            "id": "AllowExecutionFromS3Bucket",
            "principal": "s3.amazonaws.com",
            "qualifier": "",
            "source_account": null,
            "source_arn": "arn:aws:s3:::frever-dev-2",
            "statement_id": "AllowExecutionFromS3Bucket",
            "statement_id_prefix": null
          },
          "sensitive_attributes": [],
          "private": "bnVsbA==",
          "dependencies": [
            "aws_iam_role.media_converter_role",
            "aws_lambda_function.media_converter",
            "data.aws_s3_bucket.bucket"
          ]
        }
      ]
    },
    {
      "mode": "managed",
      "type": "aws_media_convert_queue",
      "name": "media_converter_queue",
      "provider": "provider[\"registry.terraform.io/hashicorp/aws\"]",
      "instances": [
        {
          "schema_version": 0,
          "attributes": {
            "arn": "arn:aws:mediaconvert:eu-central-1:722913253728:queues/dev-2",
            "description": "",
            "id": "dev-2",
            "name": "dev-2",
            "pricing_plan": "ON_DEMAND",
            "reservation_plan_settings": [],
            "status": "ACTIVE",
            "tags": {},
            "tags_all": {}
          },
          "sensitive_attributes": [],
          "private": "bnVsbA=="
        }
      ]
    },
    {
      "mode": "managed",
      "type": "aws_s3_bucket_notification",
      "name": "bucket_notification",
      "provider": "provider[\"registry.terraform.io/hashicorp/aws\"]",
      "instances": [
        {
          "schema_version": 0,
          "attributes": {
            "bucket": "frever-dev-2",
            "eventbridge": false,
            "id": "frever-dev-2",
            "lambda_function": [
              {
                "events": ["s3:ObjectCreated:*"],
                "filter_prefix": "Preloaded/",
                "filter_suffix": ".convert",
                "id": "tf-s3-lambda-20220204100029264900000001",
                "lambda_function_arn": "arn:aws:lambda:eu-central-1:722913253728:function:dev-2-media-converter"
              }
            ],
            "queue": [],
            "topic": []
          },
          "sensitive_attributes": [],
          "private": "bnVsbA==",
          "dependencies": [
            "aws_iam_role.media_converter_role",
            "aws_lambda_function.media_converter",
            "data.aws_s3_bucket.bucket"
          ]
        }
      ]
    },
    {
      "mode": "managed",
      "type": "aws_s3_bucket_policy",
      "name": "bucket_policy",
      "provider": "provider[\"registry.terraform.io/hashicorp/aws\"]",
      "instances": [
        {
          "schema_version": 0,
          "attributes": {
            "bucket": "frever-dev-2",
            "id": "frever-dev-2",
            "policy": "{\"Statement\":[{\"Action\":\"s3:GetObject\",\"Effect\":\"Allow\",\"Principal\":{\"AWS\":\"arn:aws:iam::cloudfront:user/CloudFront Origin Access Identity E1W9FMXEHRZHGE\"},\"Resource\":\"arn:aws:s3:::frever-dev-2/*\",\"Sid\":\"\"}],\"Version\":\"2012-10-17\"}"
          },
          "sensitive_attributes": [],
          "private": "bnVsbA==",
          "dependencies": [
            "data.aws_iam_policy_document.s3_policy",
            "data.aws_s3_bucket.cdn_source_bucket",
            "module.cdn.aws_cloudfront_origin_access_identity.this"
          ]
        }
      ]
    },
    {
      "mode": "managed",
      "type": "aws_security_group",
      "name": "redis_security_group",
      "provider": "provider[\"registry.terraform.io/hashicorp/aws\"]",
      "instances": [
        {
          "schema_version": 1,
          "attributes": {
            "arn": "arn:aws:ec2:eu-central-1:722913253728:security-group/sg-08396a1be748a108c",
            "description": "Managed by Terraform",
            "egress": [],
            "id": "sg-08396a1be748a108c",
            "ingress": [
              {
                "cidr_blocks": ["0.0.0.0/0"],
                "description": "",
                "from_port": 6379,
                "ipv6_cidr_blocks": [],
                "prefix_list_ids": [],
                "protocol": "tcp",
                "security_groups": [],
                "self": false,
                "to_port": 6379
              }
            ],
            "name": "redis-security-group20220203215219298200000001",
            "name_prefix": "redis-security-group",
            "owner_id": "722913253728",
            "revoke_rules_on_delete": false,
            "tags": {},
            "tags_all": {},
            "timeouts": null,
            "vpc_id": "xxxxxxxxx"
          },
          "sensitive_attributes": [],
          "private": "eyJlMmJmYjczMC1lY2FhLTExZTYtOGY4OC0zNDM2M2JjN2M0YzAiOnsiY3JlYXRlIjo2MDAwMDAwMDAwMDAsImRlbGV0ZSI6OTAwMDAwMDAwMDAwfSwic2NoZW1hX3ZlcnNpb24iOiIxIn0=",
          "dependencies": ["data.aws_vpc.vpc"]
        }
      ]
    },
    {
      "mode": "managed",
      "type": "aws_sqs_queue",
      "name": "asset-copying-queue",
      "provider": "provider[\"registry.terraform.io/hashicorp/aws\"]",
      "instances": [
        {
          "schema_version": 0,
          "attributes": {
            "arn": "arn:aws:sqs:eu-central-1:722913253728:dev-2-asset-copying",
            "content_based_deduplication": false,
            "deduplication_scope": "",
            "delay_seconds": 0,
            "fifo_queue": false,
            "fifo_throughput_limit": "",
            "id": "xxxxxxxxx",
            "kms_data_key_reuse_period_seconds": 300,
            "kms_master_key_id": "",
            "max_message_size": 262144,
            "message_retention_seconds": 345600,
            "name": "dev-2-asset-copying",
            "name_prefix": "",
            "policy": "",
            "receive_wait_time_seconds": 20,
            "redrive_allow_policy": "",
            "redrive_policy": "",
            "sqs_managed_sse_enabled": false,
            "tags": {},
            "tags_all": {},
            "url": "xxxxxxxxx",
            "visibility_timeout_seconds": 30
          },
          "sensitive_attributes": [],
          "private": "bnVsbA=="
        }
      ]
    },
    {
      "mode": "managed",
      "type": "aws_sqs_queue",
      "name": "video_conversion_job_completed",
      "provider": "provider[\"registry.terraform.io/hashicorp/aws\"]",
      "instances": [
        {
          "schema_version": 0,
          "attributes": {
            "arn": "arn:aws:sqs:eu-central-1:722913253728:dev-2-video-conversion-job-completion",
            "content_based_deduplication": false,
            "deduplication_scope": "",
            "delay_seconds": 0,
            "fifo_queue": false,
            "fifo_throughput_limit": "",
            "id": "xxxxxxxxx",
            "kms_data_key_reuse_period_seconds": 300,
            "kms_master_key_id": "",
            "max_message_size": 262144,
            "message_retention_seconds": 345600,
            "name": "dev-2-video-conversion-job-completion",
            "name_prefix": "",
            "policy": "",
            "receive_wait_time_seconds": 20,
            "redrive_allow_policy": "",
            "redrive_policy": "",
            "sqs_managed_sse_enabled": false,
            "tags": {},
            "tags_all": {},
            "url": "xxxxxxxxx",
            "visibility_timeout_seconds": 30
          },
          "sensitive_attributes": [],
          "private": "bnVsbA=="
        }
      ]
    },
    {
      "mode": "managed",
      "type": "aws_sqs_queue",
      "name": "video_conversion_job_creation",
      "provider": "provider[\"registry.terraform.io/hashicorp/aws\"]",
      "instances": [
        {
          "schema_version": 0,
          "attributes": {
            "arn": "arn:aws:sqs:eu-central-1:722913253728:dev-2-video-conversion-job-creation",
            "content_based_deduplication": false,
            "deduplication_scope": "",
            "delay_seconds": 0,
            "fifo_queue": false,
            "fifo_throughput_limit": "",
            "id": "xxxxxxxxx",
            "kms_data_key_reuse_period_seconds": 300,
            "kms_master_key_id": "",
            "max_message_size": 262144,
            "message_retention_seconds": 345600,
            "name": "dev-2-video-conversion-job-creation",
            "name_prefix": "",
            "policy": "",
            "receive_wait_time_seconds": 20,
            "redrive_allow_policy": "",
            "redrive_policy": "",
            "sqs_managed_sse_enabled": false,
            "tags": {},
            "tags_all": {},
            "url": "xxxxxxxxx",
            "visibility_timeout_seconds": 30
          },
          "sensitive_attributes": [],
          "private": "bnVsbA=="
        }
      ]
    },
    {
      "module": "module.cdn",
      "mode": "managed",
      "type": "aws_cloudfront_distribution",
      "name": "this",
      "provider": "provider[\"registry.terraform.io/hashicorp/aws\"]",
      "instances": [
        {
          "index_key": 0,
          "schema_version": 1,
          "attributes": {
            "aliases": ["dev-2.frever-content.com"],
            "arn": "arn:aws:cloudfront::722913253728:distribution/E14ARI5WIPNGF7",
            "caller_reference": "terraform-20220203213607955500000001",
            "comment": null,
            "custom_error_response": [],
            "default_cache_behavior": [
              {
                "allowed_methods": ["GET", "HEAD", "OPTIONS"],
                "cache_policy_id": "",
                "cached_methods": ["GET", "HEAD"],
                "compress": true,
                "default_ttl": 0,
                "field_level_encryption_id": "",
                "forwarded_values": [
                  {
                    "cookies": [
                      {
                        "forward": "none",
                        "whitelisted_names": []
                      }
                    ],
                    "headers": [],
                    "query_string": true,
                    "query_string_cache_keys": []
                  }
                ],
                "function_association": [],
                "lambda_function_association": [],
                "max_ttl": 0,
                "min_ttl": 0,
                "origin_request_policy_id": "",
                "realtime_log_config_arn": "",
                "response_headers_policy_id": "",
                "smooth_streaming": false,
                "target_origin_id": "s3",
                "trusted_key_groups": [],
                "trusted_signers": ["self"],
                "viewer_protocol_policy": "allow-all"
              }
            ],
            "default_root_object": "",
            "domain_name": "d213y23uqi0r8q.cloudfront.net",
            "enabled": true,
            "etag": "EF867BO4WTAES",
            "hosted_zone_id": "Z2FDTNDATAQYW2",
            "http_version": "http2",
            "id": "E14ARI5WIPNGF7",
            "in_progress_validation_batches": 0,
            "is_ipv6_enabled": false,
            "last_modified_time": "2022-02-03 21:52:20.171 +0000 UTC",
            "logging_config": [],
            "ordered_cache_behavior": [
              {
                "allowed_methods": ["GET", "HEAD", "OPTIONS"],
                "cache_policy_id": "",
                "cached_methods": ["GET", "HEAD"],
                "compress": false,
                "default_ttl": 0,
                "field_level_encryption_id": "",
                "forwarded_values": [
                  {
                    "cookies": [
                      {
                        "forward": "none",
                        "whitelisted_names": []
                      }
                    ],
                    "headers": [],
                    "query_string": false,
                    "query_string_cache_keys": []
                  }
                ],
                "function_association": [],
                "lambda_function_association": [],
                "max_ttl": 0,
                "min_ttl": 0,
                "origin_request_policy_id": "",
                "path_pattern": "**/Thumbnail/**",
                "realtime_log_config_arn": "",
                "response_headers_policy_id": "",
                "smooth_streaming": false,
                "target_origin_id": "s3",
                "trusted_key_groups": [],
                "trusted_signers": [],
                "viewer_protocol_policy": "allow-all"
              },
              {
                "allowed_methods": ["GET", "HEAD", "OPTIONS"],
                "cache_policy_id": "",
                "cached_methods": ["GET", "HEAD"],
                "compress": false,
                "default_ttl": 0,
                "field_level_encryption_id": "",
                "forwarded_values": [
                  {
                    "cookies": [
                      {
                        "forward": "none",
                        "whitelisted_names": []
                      }
                    ],
                    "headers": [],
                    "query_string": false,
                    "query_string_cache_keys": []
                  }
                ],
                "function_association": [],
                "lambda_function_association": [],
                "max_ttl": 0,
                "min_ttl": 0,
                "origin_request_policy_id": "",
                "path_pattern": "**/Thumbnail*.*",
                "realtime_log_config_arn": "",
                "response_headers_policy_id": "",
                "smooth_streaming": false,
                "target_origin_id": "s3",
                "trusted_key_groups": [],
                "trusted_signers": [],
                "viewer_protocol_policy": "allow-all"
              }
            ],
            "origin": [
              {
                "connection_attempts": 3,
                "connection_timeout": 10,
                "custom_header": [],
                "custom_origin_config": [],
                "domain_name": "frever-dev-2.s3.eu-central-1.amazonaws.com",
                "origin_id": "s3",
                "origin_path": "",
                "origin_shield": [],
                "s3_origin_config": [
                  {
                    "origin_access_identity": "origin-access-identity/cloudfront/E1W9FMXEHRZHGE"
                  }
                ]
              }
            ],
            "origin_group": [],
            "price_class": "PriceClass_All",
            "restrictions": [
              {
                "geo_restriction": [
                  {
                    "locations": [],
                    "restriction_type": "none"
                  }
                ]
              }
            ],
            "retain_on_delete": false,
            "status": "Deployed",
            "tags": {},
            "tags_all": {},
            "trusted_key_groups": [
              {
                "enabled": false,
                "items": []
              }
            ],
            "trusted_signers": [
              {
                "enabled": true,
                "items": [
                  {
                    "aws_account_number": "self",
                    "key_pair_ids": ["xxxxxxxxx"]
                  }
                ]
              }
            ],
            "viewer_certificate": [
              {
                "acm_certificate_arn": "arn:aws:acm:us-east-1:722913253728:certificate/d29edfe6-abb6-455b-b9fa-ee5cd6f88428",
                "cloudfront_default_certificate": false,
                "iam_certificate_id": "",
                "minimum_protocol_version": "TLSv1",
                "ssl_support_method": "sni-only"
              }
            ],
            "wait_for_deployment": false,
            "web_acl_id": ""
          },
          "sensitive_attributes": [],
          "private": "eyJzY2hlbWFfdmVyc2lvbiI6IjEifQ==",
          "dependencies": [
            "data.aws_s3_bucket.cdn_source_bucket",
            "module.cdn.aws_cloudfront_origin_access_identity.this"
          ]
        }
      ]
    },
    {
      "module": "module.cdn",
      "mode": "managed",
      "type": "aws_cloudfront_origin_access_identity",
      "name": "this",
      "provider": "provider[\"registry.terraform.io/hashicorp/aws\"]",
      "instances": [
        {
          "index_key": "s3_bucket_one",
          "schema_version": 0,
          "attributes": {
            "caller_reference": "terraform-20220203212627585200000001",
            "cloudfront_access_identity_path": "origin-access-identity/cloudfront/E1W9FMXEHRZHGE",
            "comment": "dev-2-Cloudfront",
            "etag": "E12AYPE2POLAYZ",
            "iam_arn": "arn:aws:iam::cloudfront:user/CloudFront Origin Access Identity E1W9FMXEHRZHGE",
            "id": "E1W9FMXEHRZHGE",
            "s3_canonical_user_id": "e9ad56f8ec6eac87394687590608c09091277b46b88af220d6bbbb43dd2ebf9662d3012b6de53772e5cd7547582fe5b7"
          },
          "sensitive_attributes": [],
          "private": "bnVsbA==",
          "create_before_destroy": true
        }
      ]
    },
    {
      "module": "module.cdn_dns_record",
      "mode": "data",
      "type": "aws_route53_zone",
      "name": "this",
      "provider": "provider[\"registry.terraform.io/hashicorp/aws\"]",
      "instances": [
        {
          "index_key": 0,
          "schema_version": 0,
          "attributes": {
            "arn": "arn:aws:route53:::hostedzone/Z05062203V4PO7F3D4BRO",
            "caller_reference": "RISWorkflow-RD:74c90b33-7410-4ead-95d5-25b6edbe4315",
            "comment": "HostedZone created by Route53 Registrar",
            "id": "Z05062203V4PO7F3D4BRO",
            "linked_service_description": null,
            "linked_service_principal": null,
            "name": "frever-content.com",
            "name_servers": [
              "ns-818.awsdns-38.net",
              "ns-1815.awsdns-34.co.uk",
              "ns-508.awsdns-63.com",
              "ns-1042.awsdns-02.org"
            ],
            "private_zone": false,
            "resource_record_set_count": 9,
            "tags": {},
            "vpc_id": null,
            "zone_id": "Z05062203V4PO7F3D4BRO"
          },
          "sensitive_attributes": []
        }
      ]
    },
    {
      "module": "module.cdn_dns_record",
      "mode": "managed",
      "type": "aws_route53_record",
      "name": "this",
      "provider": "provider[\"registry.terraform.io/hashicorp/aws\"]",
      "instances": [
        {
          "index_key": "dev-2 A",
          "schema_version": 2,
          "attributes": {
            "alias": [
              {
                "evaluate_target_health": false,
                "name": "d213y23uqi0r8q.cloudfront.net",
                "zone_id": "Z2FDTNDATAQYW2"
              }
            ],
            "allow_overwrite": false,
            "failover_routing_policy": [],
            "fqdn": "dev-2.frever-content.com",
            "geolocation_routing_policy": [],
            "health_check_id": "",
            "id": "Z05062203V4PO7F3D4BRO_dev-2.frever-content.com_A",
            "latency_routing_policy": [],
            "multivalue_answer_routing_policy": null,
            "name": "dev-2.frever-content.com",
            "records": [],
            "set_identifier": "",
            "ttl": 0,
            "type": "A",
            "weighted_routing_policy": [],
            "zone_id": "Z05062203V4PO7F3D4BRO"
          },
          "sensitive_attributes": [],
          "private": "eyJzY2hlbWFfdmVyc2lvbiI6IjIifQ==",
          "dependencies": [
            "data.aws_route53_zone.frever_content",
            "data.aws_s3_bucket.cdn_source_bucket",
            "module.cdn.aws_cloudfront_distribution.this",
            "module.cdn.aws_cloudfront_origin_access_identity.this",
            "module.cdn_dns_record.data.aws_route53_zone.this"
          ]
        }
      ]
    }
  ]
}
